// !$*UTF8*$!
{
	archiveVersion = 1;
	classes = {
	};
	objectVersion = 56;
	objects = {

/* Begin PBXBuildFile section */
		1901536E297AE9A20089E181 /* DataModule.docc in Sources */ = {isa = PBXBuildFile; fileRef = 1901536D297AE9A20089E181 /* DataModule.docc */; };
		19015374297AE9A20089E181 /* DataModule.framework in Frameworks */ = {isa = PBXBuildFile; fileRef = 1901536A297AE9A20089E181 /* DataModule.framework */; };
		1901537B297AE9A20089E181 /* DataModuleTests.swift in Sources */ = {isa = PBXBuildFile; fileRef = 1901537A297AE9A20089E181 /* DataModuleTests.swift */; };
		1901537C297AE9A20089E181 /* DataModule.h in Headers */ = {isa = PBXBuildFile; fileRef = 1901536C297AE9A20089E181 /* DataModule.h */; settings = {ATTRIBUTES = (Public, ); }; };
		1901537F297AE9A20089E181 /* DataModule.framework in Frameworks */ = {isa = PBXBuildFile; fileRef = 1901536A297AE9A20089E181 /* DataModule.framework */; };
		19015380297AE9A20089E181 /* DataModule.framework in Embed Frameworks */ = {isa = PBXBuildFile; fileRef = 1901536A297AE9A20089E181 /* DataModule.framework */; settings = {ATTRIBUTES = (CodeSignOnCopy, RemoveHeadersOnCopy, ); }; };
		1901538A297AE9C10089E181 /* Combine+CancelBag.swift in Sources */ = {isa = PBXBuildFile; fileRef = 19015389297AE9C10089E181 /* Combine+CancelBag.swift */; };
		193B084C297AE2D60055EB14 /* AppDelegate.swift in Sources */ = {isa = PBXBuildFile; fileRef = 193B084B297AE2D60055EB14 /* AppDelegate.swift */; };
		193B084E297AE2D60055EB14 /* SceneDelegate.swift in Sources */ = {isa = PBXBuildFile; fileRef = 193B084D297AE2D60055EB14 /* SceneDelegate.swift */; };
		193B0855297AE2D70055EB14 /* Assets.xcassets in Resources */ = {isa = PBXBuildFile; fileRef = 193B0854297AE2D70055EB14 /* Assets.xcassets */; };
		193B0858297AE2D70055EB14 /* LaunchScreen.storyboard in Resources */ = {isa = PBXBuildFile; fileRef = 193B0856297AE2D70055EB14 /* LaunchScreen.storyboard */; };
		193B086D297AE2D70055EB14 /* BookStore_AndersonUITests.swift in Sources */ = {isa = PBXBuildFile; fileRef = 193B086C297AE2D70055EB14 /* BookStore_AndersonUITests.swift */; };
		193B086F297AE2D70055EB14 /* BookStore_AndersonUITestsLaunchTests.swift in Sources */ = {isa = PBXBuildFile; fileRef = 193B086E297AE2D70055EB14 /* BookStore_AndersonUITestsLaunchTests.swift */; };
		1946AD16297C61D400ED782D /* BookItem+Mapper.swift in Sources */ = {isa = PBXBuildFile; fileRef = 1946AD15297C61D400ED782D /* BookItem+Mapper.swift */; };
		194C3730299666CC00F30861 /* BookStoreFetch.swift in Sources */ = {isa = PBXBuildFile; fileRef = 194C372F299666CC00F30861 /* BookStoreFetch.swift */; };
		194C37332996695200F30861 /* BookStoreProtocol.swift in Sources */ = {isa = PBXBuildFile; fileRef = 194C37322996695200F30861 /* BookStoreProtocol.swift */; };
		196EEE43297C0D920066B315 /* APICalling.swift in Sources */ = {isa = PBXBuildFile; fileRef = 196EEE42297C0D920066B315 /* APICalling.swift */; };
		196EEE45297C0DAC0066B315 /* APIRequest.swift in Sources */ = {isa = PBXBuildFile; fileRef = 196EEE44297C0DAC0066B315 /* APIRequest.swift */; };
		196EEE47297C0DCE0066B315 /* APIStringsDefault.swift in Sources */ = {isa = PBXBuildFile; fileRef = 196EEE46297C0DCE0066B315 /* APIStringsDefault.swift */; };
		197D9904297C72BC00E7F83A /* LocalDatabase.h in Headers */ = {isa = PBXBuildFile; fileRef = 197D9903297C72BC00E7F83A /* LocalDatabase.h */; settings = {ATTRIBUTES = (Public, ); }; };
		197D9907297C72BC00E7F83A /* LocalDatabase.framework in Frameworks */ = {isa = PBXBuildFile; fileRef = 197D9901297C72BC00E7F83A /* LocalDatabase.framework */; };
		197D9908297C72BC00E7F83A /* LocalDatabase.framework in Embed Frameworks */ = {isa = PBXBuildFile; fileRef = 197D9901297C72BC00E7F83A /* LocalDatabase.framework */; settings = {ATTRIBUTES = (CodeSignOnCopy, RemoveHeadersOnCopy, ); }; };
		197D990E297C731600E7F83A /* BookFavoriteRLM.swift in Sources */ = {isa = PBXBuildFile; fileRef = 197D990D297C731600E7F83A /* BookFavoriteRLM.swift */; };
		197D9911297C737800E7F83A /* Realm in Frameworks */ = {isa = PBXBuildFile; productRef = 197D9910297C737800E7F83A /* Realm */; };
		197D9913297C737800E7F83A /* RealmSwift in Frameworks */ = {isa = PBXBuildFile; productRef = 197D9912297C737800E7F83A /* RealmSwift */; };
		197D9916297C747900E7F83A /* BookFavoriteRepositoryProtocol.swift in Sources */ = {isa = PBXBuildFile; fileRef = 197D9915297C747900E7F83A /* BookFavoriteRepositoryProtocol.swift */; };
		197D9918297C752700E7F83A /* BaseStorageRepository.swift in Sources */ = {isa = PBXBuildFile; fileRef = 197D9917297C752700E7F83A /* BaseStorageRepository.swift */; };
		197D991B297C759F00E7F83A /* BookFavoriteStorageRepository.swift in Sources */ = {isa = PBXBuildFile; fileRef = 197D991A297C759F00E7F83A /* BookFavoriteStorageRepository.swift */; };
		197D991E297C777700E7F83A /* Object+Creation.swift in Sources */ = {isa = PBXBuildFile; fileRef = 197D991D297C777700E7F83A /* Object+Creation.swift */; };
		197D9946297C86AD00E7F83A /* Common.framework in Frameworks */ = {isa = PBXBuildFile; fileRef = 19B8BB91297B30E80004AF61 /* Common.framework */; };
		197D9953297C872B00E7F83A /* BaseUI.h in Headers */ = {isa = PBXBuildFile; fileRef = 197D9952297C872B00E7F83A /* BaseUI.h */; settings = {ATTRIBUTES = (Public, ); }; };
		197D9956297C872B00E7F83A /* BaseUI.framework in Frameworks */ = {isa = PBXBuildFile; fileRef = 197D9950297C872B00E7F83A /* BaseUI.framework */; };
		197D9957297C872B00E7F83A /* BaseUI.framework in Embed Frameworks */ = {isa = PBXBuildFile; fileRef = 197D9950297C872B00E7F83A /* BaseUI.framework */; settings = {ATTRIBUTES = (CodeSignOnCopy, RemoveHeadersOnCopy, ); }; };
		197D995C297C873900E7F83A /* typealias.swift in Sources */ = {isa = PBXBuildFile; fileRef = 197D995B297C873900E7F83A /* typealias.swift */; };
		197D995F297C88BD00E7F83A /* Favorite+Transform.swift in Sources */ = {isa = PBXBuildFile; fileRef = 197D995E297C88BD00E7F83A /* Favorite+Transform.swift */; };
		19B8BB64297B30540004AF61 /* MainRouter.swift in Sources */ = {isa = PBXBuildFile; fileRef = 19B8BB60297B30540004AF61 /* MainRouter.swift */; };
		19B8BB65297B30540004AF61 /* MainViewController.swift in Sources */ = {isa = PBXBuildFile; fileRef = 19B8BB61297B30540004AF61 /* MainViewController.swift */; };
		19B8BB66297B30540004AF61 /* MainView.swift in Sources */ = {isa = PBXBuildFile; fileRef = 19B8BB62297B30540004AF61 /* MainView.swift */; };
		19B8BB67297B30540004AF61 /* MainViewModel.swift in Sources */ = {isa = PBXBuildFile; fileRef = 19B8BB63297B30540004AF61 /* MainViewModel.swift */; };
		19B8BB94297B30E80004AF61 /* Common.h in Headers */ = {isa = PBXBuildFile; fileRef = 19B8BB93297B30E80004AF61 /* Common.h */; settings = {ATTRIBUTES = (Public, ); }; };
		19B8BB97297B30E80004AF61 /* Common.framework in Frameworks */ = {isa = PBXBuildFile; fileRef = 19B8BB91297B30E80004AF61 /* Common.framework */; };
		19B8BB98297B30E80004AF61 /* Common.framework in Embed Frameworks */ = {isa = PBXBuildFile; fileRef = 19B8BB91297B30E80004AF61 /* Common.framework */; settings = {ATTRIBUTES = (CodeSignOnCopy, RemoveHeadersOnCopy, ); }; };
		19B8BBA4297B31130004AF61 /* Components.h in Headers */ = {isa = PBXBuildFile; fileRef = 19B8BBA3297B31130004AF61 /* Components.h */; settings = {ATTRIBUTES = (Public, ); }; };
		19B8BBA7297B31130004AF61 /* Components.framework in Frameworks */ = {isa = PBXBuildFile; fileRef = 19B8BBA1297B31130004AF61 /* Components.framework */; };
		19B8BBA8297B31130004AF61 /* Components.framework in Embed Frameworks */ = {isa = PBXBuildFile; fileRef = 19B8BBA1297B31130004AF61 /* Components.framework */; settings = {ATTRIBUTES = (CodeSignOnCopy, RemoveHeadersOnCopy, ); }; };
		19B8BBAD297B31360004AF61 /* MyNavigationBarView.swift in Sources */ = {isa = PBXBuildFile; fileRef = 19B8BBAC297B31360004AF61 /* MyNavigationBarView.swift */; };
		19B8BBAF297B31710004AF61 /* ObservableObject+Generic.swift in Sources */ = {isa = PBXBuildFile; fileRef = 19B8BBAE297B31710004AF61 /* ObservableObject+Generic.swift */; };
		19B8BBB1297B31910004AF61 /* FontName.swift in Sources */ = {isa = PBXBuildFile; fileRef = 19B8BBB0297B31910004AF61 /* FontName.swift */; };
		19B8BBB4297B31C70004AF61 /* UIScreen+Extensions.swift in Sources */ = {isa = PBXBuildFile; fileRef = 19B8BBB3297B31C60004AF61 /* UIScreen+Extensions.swift */; };
		19E56BFC2A8F909B005F1344 /* LoadJsonData.swift in Sources */ = {isa = PBXBuildFile; fileRef = 19E56BFB2A8F909B005F1344 /* LoadJsonData.swift */; };
		19E56BFE2A8F94D7005F1344 /* bookList.json in Resources */ = {isa = PBXBuildFile; fileRef = 19E56BFD2A8F94D7005F1344 /* bookList.json */; };
		19E56C012A8F953E005F1344 /* MainViewModelTests.swift in Sources */ = {isa = PBXBuildFile; fileRef = 19E56C002A8F953E005F1344 /* MainViewModelTests.swift */; };
		19E56C042A8F967F005F1344 /* MockBookStoreFetch.swift in Sources */ = {isa = PBXBuildFile; fileRef = 19E56C032A8F967F005F1344 /* MockBookStoreFetch.swift */; };
		19F1FC94297C190400E78B69 /* BookstoreDataSource.swift in Sources */ = {isa = PBXBuildFile; fileRef = 19F1FC93297C190400E78B69 /* BookstoreDataSource.swift */; };
		19F1FC97297C195800E78B69 /* Bookstore.swift in Sources */ = {isa = PBXBuildFile; fileRef = 19F1FC96297C195800E78B69 /* Bookstore.swift */; };
		19F1FC99297C1B0500E78B69 /* Book.swift in Sources */ = {isa = PBXBuildFile; fileRef = 19F1FC98297C1B0500E78B69 /* Book.swift */; };
		19F1FC9B297C1B4100E78B69 /* SaleInfo.swift in Sources */ = {isa = PBXBuildFile; fileRef = 19F1FC9A297C1B4100E78B69 /* SaleInfo.swift */; };
		19F1FC9D297C1B5A00E78B69 /* VolumeInfo.swift in Sources */ = {isa = PBXBuildFile; fileRef = 19F1FC9C297C1B5A00E78B69 /* VolumeInfo.swift */; };
		19F1FC9F297C1B7400E78B69 /* ImageLink.swift in Sources */ = {isa = PBXBuildFile; fileRef = 19F1FC9E297C1B7400E78B69 /* ImageLink.swift */; };
		19F1FCA5297C2A0700E78B69 /* BookDetailRouter.swift in Sources */ = {isa = PBXBuildFile; fileRef = 19F1FCA1297C2A0700E78B69 /* BookDetailRouter.swift */; };
		19F1FCA6297C2A0700E78B69 /* BookDetailViewController.swift in Sources */ = {isa = PBXBuildFile; fileRef = 19F1FCA2297C2A0700E78B69 /* BookDetailViewController.swift */; };
		19F1FCA7297C2A0700E78B69 /* BookDetailView.swift in Sources */ = {isa = PBXBuildFile; fileRef = 19F1FCA3297C2A0700E78B69 /* BookDetailView.swift */; };
		19F1FCA8297C2A0700E78B69 /* BookDetailViewModel.swift in Sources */ = {isa = PBXBuildFile; fileRef = 19F1FCA4297C2A0700E78B69 /* BookDetailViewModel.swift */; };
		19F1FCAB297C2ACD00E78B69 /* BookItem.swift in Sources */ = {isa = PBXBuildFile; fileRef = 19F1FCAA297C2ACD00E78B69 /* BookItem.swift */; };
/* End PBXBuildFile section */

/* Begin PBXContainerItemProxy section */
		19015375297AE9A20089E181 /* PBXContainerItemProxy */ = {
			isa = PBXContainerItemProxy;
			containerPortal = 193B0840297AE2D60055EB14 /* Project object */;
			proxyType = 1;
			remoteGlobalIDString = 19015369297AE9A20089E181;
			remoteInfo = DataModule;
		};
		19015377297AE9A20089E181 /* PBXContainerItemProxy */ = {
			isa = PBXContainerItemProxy;
			containerPortal = 193B0840297AE2D60055EB14 /* Project object */;
			proxyType = 1;
			remoteGlobalIDString = 193B0847297AE2D60055EB14;
			remoteInfo = BookStore_Anderson;
		};
		1901537D297AE9A20089E181 /* PBXContainerItemProxy */ = {
			isa = PBXContainerItemProxy;
			containerPortal = 193B0840297AE2D60055EB14 /* Project object */;
			proxyType = 1;
			remoteGlobalIDString = 19015369297AE9A20089E181;
			remoteInfo = DataModule;
		};
		193B085F297AE2D70055EB14 /* PBXContainerItemProxy */ = {
			isa = PBXContainerItemProxy;
			containerPortal = 193B0840297AE2D60055EB14 /* Project object */;
			proxyType = 1;
			remoteGlobalIDString = 193B0847297AE2D60055EB14;
			remoteInfo = BookStore_Anderson;
		};
		193B0869297AE2D70055EB14 /* PBXContainerItemProxy */ = {
			isa = PBXContainerItemProxy;
			containerPortal = 193B0840297AE2D60055EB14 /* Project object */;
			proxyType = 1;
			remoteGlobalIDString = 193B0847297AE2D60055EB14;
			remoteInfo = BookStore_Anderson;
		};
		197D9905297C72BC00E7F83A /* PBXContainerItemProxy */ = {
			isa = PBXContainerItemProxy;
			containerPortal = 193B0840297AE2D60055EB14 /* Project object */;
			proxyType = 1;
			remoteGlobalIDString = 197D9900297C72BC00E7F83A;
			remoteInfo = LocalDatabase;
		};
		197D9948297C86AD00E7F83A /* PBXContainerItemProxy */ = {
			isa = PBXContainerItemProxy;
			containerPortal = 193B0840297AE2D60055EB14 /* Project object */;
			proxyType = 1;
			remoteGlobalIDString = 19B8BB90297B30E80004AF61;
			remoteInfo = Common;
		};
		197D9954297C872B00E7F83A /* PBXContainerItemProxy */ = {
			isa = PBXContainerItemProxy;
			containerPortal = 193B0840297AE2D60055EB14 /* Project object */;
			proxyType = 1;
			remoteGlobalIDString = 197D994F297C872B00E7F83A;
			remoteInfo = BaseUI;
		};
		19B8BB95297B30E80004AF61 /* PBXContainerItemProxy */ = {
			isa = PBXContainerItemProxy;
			containerPortal = 193B0840297AE2D60055EB14 /* Project object */;
			proxyType = 1;
			remoteGlobalIDString = 19B8BB90297B30E80004AF61;
			remoteInfo = Common;
		};
		19B8BBA5297B31130004AF61 /* PBXContainerItemProxy */ = {
			isa = PBXContainerItemProxy;
			containerPortal = 193B0840297AE2D60055EB14 /* Project object */;
			proxyType = 1;
			remoteGlobalIDString = 19B8BBA0297B31130004AF61;
			remoteInfo = Components;
		};
/* End PBXContainerItemProxy section */

/* Begin PBXCopyFilesBuildPhase section */
		19015384297AE9A20089E181 /* Embed Frameworks */ = {
			isa = PBXCopyFilesBuildPhase;
			buildActionMask = 2147483647;
			dstPath = "";
			dstSubfolderSpec = 10;
			files = (
				197D9908297C72BC00E7F83A /* LocalDatabase.framework in Embed Frameworks */,
				19B8BB98297B30E80004AF61 /* Common.framework in Embed Frameworks */,
				19015380297AE9A20089E181 /* DataModule.framework in Embed Frameworks */,
				19B8BBA8297B31130004AF61 /* Components.framework in Embed Frameworks */,
				197D9957297C872B00E7F83A /* BaseUI.framework in Embed Frameworks */,
			);
			name = "Embed Frameworks";
			runOnlyForDeploymentPostprocessing = 0;
		};
/* End PBXCopyFilesBuildPhase section */

/* Begin PBXFileReference section */
		1901536A297AE9A20089E181 /* DataModule.framework */ = {isa = PBXFileReference; explicitFileType = wrapper.framework; includeInIndex = 0; path = DataModule.framework; sourceTree = BUILT_PRODUCTS_DIR; };
		1901536C297AE9A20089E181 /* DataModule.h */ = {isa = PBXFileReference; lastKnownFileType = sourcecode.c.h; path = DataModule.h; sourceTree = "<group>"; };
		1901536D297AE9A20089E181 /* DataModule.docc */ = {isa = PBXFileReference; lastKnownFileType = folder.documentationcatalog; path = DataModule.docc; sourceTree = "<group>"; };
		19015373297AE9A20089E181 /* DataModuleTests.xctest */ = {isa = PBXFileReference; explicitFileType = wrapper.cfbundle; includeInIndex = 0; path = DataModuleTests.xctest; sourceTree = BUILT_PRODUCTS_DIR; };
		1901537A297AE9A20089E181 /* DataModuleTests.swift */ = {isa = PBXFileReference; lastKnownFileType = sourcecode.swift; path = DataModuleTests.swift; sourceTree = "<group>"; };
		19015389297AE9C10089E181 /* Combine+CancelBag.swift */ = {isa = PBXFileReference; lastKnownFileType = sourcecode.swift; path = "Combine+CancelBag.swift"; sourceTree = "<group>"; };
		193B0848297AE2D60055EB14 /* BookStore_Anderson.app */ = {isa = PBXFileReference; explicitFileType = wrapper.application; includeInIndex = 0; path = BookStore_Anderson.app; sourceTree = BUILT_PRODUCTS_DIR; };
		193B084B297AE2D60055EB14 /* AppDelegate.swift */ = {isa = PBXFileReference; lastKnownFileType = sourcecode.swift; path = AppDelegate.swift; sourceTree = "<group>"; };
		193B084D297AE2D60055EB14 /* SceneDelegate.swift */ = {isa = PBXFileReference; lastKnownFileType = sourcecode.swift; path = SceneDelegate.swift; sourceTree = "<group>"; };
		193B0854297AE2D70055EB14 /* Assets.xcassets */ = {isa = PBXFileReference; lastKnownFileType = folder.assetcatalog; path = Assets.xcassets; sourceTree = "<group>"; };
		193B0857297AE2D70055EB14 /* Base */ = {isa = PBXFileReference; lastKnownFileType = file.storyboard; name = Base; path = Base.lproj/LaunchScreen.storyboard; sourceTree = "<group>"; };
		193B0859297AE2D70055EB14 /* Info.plist */ = {isa = PBXFileReference; lastKnownFileType = text.plist.xml; path = Info.plist; sourceTree = "<group>"; };
		193B085E297AE2D70055EB14 /* BookStore_AndersonTests.xctest */ = {isa = PBXFileReference; explicitFileType = wrapper.cfbundle; includeInIndex = 0; path = BookStore_AndersonTests.xctest; sourceTree = BUILT_PRODUCTS_DIR; };
		193B0868297AE2D70055EB14 /* BookStore_AndersonUITests.xctest */ = {isa = PBXFileReference; explicitFileType = wrapper.cfbundle; includeInIndex = 0; path = BookStore_AndersonUITests.xctest; sourceTree = BUILT_PRODUCTS_DIR; };
		193B086C297AE2D70055EB14 /* BookStore_AndersonUITests.swift */ = {isa = PBXFileReference; lastKnownFileType = sourcecode.swift; path = BookStore_AndersonUITests.swift; sourceTree = "<group>"; };
		193B086E297AE2D70055EB14 /* BookStore_AndersonUITestsLaunchTests.swift */ = {isa = PBXFileReference; lastKnownFileType = sourcecode.swift; path = BookStore_AndersonUITestsLaunchTests.swift; sourceTree = "<group>"; };
		1946AD15297C61D400ED782D /* BookItem+Mapper.swift */ = {isa = PBXFileReference; lastKnownFileType = sourcecode.swift; path = "BookItem+Mapper.swift"; sourceTree = "<group>"; };
		194C372F299666CC00F30861 /* BookStoreFetch.swift */ = {isa = PBXFileReference; lastKnownFileType = sourcecode.swift; path = BookStoreFetch.swift; sourceTree = "<group>"; };
		194C37322996695200F30861 /* BookStoreProtocol.swift */ = {isa = PBXFileReference; lastKnownFileType = sourcecode.swift; path = BookStoreProtocol.swift; sourceTree = "<group>"; };
		196EEE42297C0D920066B315 /* APICalling.swift */ = {isa = PBXFileReference; lastKnownFileType = sourcecode.swift; path = APICalling.swift; sourceTree = "<group>"; };
		196EEE44297C0DAC0066B315 /* APIRequest.swift */ = {isa = PBXFileReference; lastKnownFileType = sourcecode.swift; path = APIRequest.swift; sourceTree = "<group>"; };
		196EEE46297C0DCE0066B315 /* APIStringsDefault.swift */ = {isa = PBXFileReference; lastKnownFileType = sourcecode.swift; path = APIStringsDefault.swift; sourceTree = "<group>"; };
		197D9901297C72BC00E7F83A /* LocalDatabase.framework */ = {isa = PBXFileReference; explicitFileType = wrapper.framework; includeInIndex = 0; path = LocalDatabase.framework; sourceTree = BUILT_PRODUCTS_DIR; };
		197D9903297C72BC00E7F83A /* LocalDatabase.h */ = {isa = PBXFileReference; lastKnownFileType = sourcecode.c.h; path = LocalDatabase.h; sourceTree = "<group>"; };
		197D990D297C731600E7F83A /* BookFavoriteRLM.swift */ = {isa = PBXFileReference; lastKnownFileType = sourcecode.swift; path = BookFavoriteRLM.swift; sourceTree = "<group>"; };
		197D9915297C747900E7F83A /* BookFavoriteRepositoryProtocol.swift */ = {isa = PBXFileReference; lastKnownFileType = sourcecode.swift; path = BookFavoriteRepositoryProtocol.swift; sourceTree = "<group>"; };
		197D9917297C752700E7F83A /* BaseStorageRepository.swift */ = {isa = PBXFileReference; lastKnownFileType = sourcecode.swift; path = BaseStorageRepository.swift; sourceTree = "<group>"; };
		197D991A297C759F00E7F83A /* BookFavoriteStorageRepository.swift */ = {isa = PBXFileReference; lastKnownFileType = sourcecode.swift; path = BookFavoriteStorageRepository.swift; sourceTree = "<group>"; };
		197D991D297C777700E7F83A /* Object+Creation.swift */ = {isa = PBXFileReference; lastKnownFileType = sourcecode.swift; path = "Object+Creation.swift"; sourceTree = "<group>"; };
		197D9950297C872B00E7F83A /* BaseUI.framework */ = {isa = PBXFileReference; explicitFileType = wrapper.framework; includeInIndex = 0; path = BaseUI.framework; sourceTree = BUILT_PRODUCTS_DIR; };
		197D9952297C872B00E7F83A /* BaseUI.h */ = {isa = PBXFileReference; lastKnownFileType = sourcecode.c.h; path = BaseUI.h; sourceTree = "<group>"; };
		197D995B297C873900E7F83A /* typealias.swift */ = {isa = PBXFileReference; lastKnownFileType = sourcecode.swift; path = typealias.swift; sourceTree = "<group>"; };
		197D995E297C88BD00E7F83A /* Favorite+Transform.swift */ = {isa = PBXFileReference; lastKnownFileType = sourcecode.swift; path = "Favorite+Transform.swift"; sourceTree = "<group>"; };
		19B8BB60297B30540004AF61 /* MainRouter.swift */ = {isa = PBXFileReference; lastKnownFileType = sourcecode.swift; path = MainRouter.swift; sourceTree = "<group>"; };
		19B8BB61297B30540004AF61 /* MainViewController.swift */ = {isa = PBXFileReference; lastKnownFileType = sourcecode.swift; path = MainViewController.swift; sourceTree = "<group>"; };
		19B8BB62297B30540004AF61 /* MainView.swift */ = {isa = PBXFileReference; lastKnownFileType = sourcecode.swift; path = MainView.swift; sourceTree = "<group>"; };
		19B8BB63297B30540004AF61 /* MainViewModel.swift */ = {isa = PBXFileReference; lastKnownFileType = sourcecode.swift; path = MainViewModel.swift; sourceTree = "<group>"; };
		19B8BB7D297B307B0004AF61 /* BaseUITests.swift */ = {isa = PBXFileReference; lastKnownFileType = sourcecode.swift; path = BaseUITests.swift; sourceTree = "<group>"; };
		19B8BB91297B30E80004AF61 /* Common.framework */ = {isa = PBXFileReference; explicitFileType = wrapper.framework; includeInIndex = 0; path = Common.framework; sourceTree = BUILT_PRODUCTS_DIR; };
		19B8BB93297B30E80004AF61 /* Common.h */ = {isa = PBXFileReference; lastKnownFileType = sourcecode.c.h; path = Common.h; sourceTree = "<group>"; };
		19B8BBA1297B31130004AF61 /* Components.framework */ = {isa = PBXFileReference; explicitFileType = wrapper.framework; includeInIndex = 0; path = Components.framework; sourceTree = BUILT_PRODUCTS_DIR; };
		19B8BBA3297B31130004AF61 /* Components.h */ = {isa = PBXFileReference; lastKnownFileType = sourcecode.c.h; path = Components.h; sourceTree = "<group>"; };
		19B8BBAC297B31360004AF61 /* MyNavigationBarView.swift */ = {isa = PBXFileReference; lastKnownFileType = sourcecode.swift; path = MyNavigationBarView.swift; sourceTree = "<group>"; };
		19B8BBAE297B31710004AF61 /* ObservableObject+Generic.swift */ = {isa = PBXFileReference; lastKnownFileType = sourcecode.swift; path = "ObservableObject+Generic.swift"; sourceTree = "<group>"; };
		19B8BBB0297B31910004AF61 /* FontName.swift */ = {isa = PBXFileReference; lastKnownFileType = sourcecode.swift; path = FontName.swift; sourceTree = "<group>"; };
		19B8BBB3297B31C60004AF61 /* UIScreen+Extensions.swift */ = {isa = PBXFileReference; lastKnownFileType = sourcecode.swift; path = "UIScreen+Extensions.swift"; sourceTree = "<group>"; };
		19E56BFB2A8F909B005F1344 /* LoadJsonData.swift */ = {isa = PBXFileReference; lastKnownFileType = sourcecode.swift; path = LoadJsonData.swift; sourceTree = "<group>"; };
		19E56BFD2A8F94D7005F1344 /* bookList.json */ = {isa = PBXFileReference; lastKnownFileType = text.json; path = bookList.json; sourceTree = "<group>"; };
		19E56C002A8F953E005F1344 /* MainViewModelTests.swift */ = {isa = PBXFileReference; lastKnownFileType = sourcecode.swift; path = MainViewModelTests.swift; sourceTree = "<group>"; };
		19E56C032A8F967F005F1344 /* MockBookStoreFetch.swift */ = {isa = PBXFileReference; lastKnownFileType = sourcecode.swift; path = MockBookStoreFetch.swift; sourceTree = "<group>"; };
		19F1FC93297C190400E78B69 /* BookstoreDataSource.swift */ = {isa = PBXFileReference; lastKnownFileType = sourcecode.swift; path = BookstoreDataSource.swift; sourceTree = "<group>"; };
		19F1FC96297C195800E78B69 /* Bookstore.swift */ = {isa = PBXFileReference; lastKnownFileType = sourcecode.swift; path = Bookstore.swift; sourceTree = "<group>"; };
		19F1FC98297C1B0500E78B69 /* Book.swift */ = {isa = PBXFileReference; lastKnownFileType = sourcecode.swift; path = Book.swift; sourceTree = "<group>"; };
		19F1FC9A297C1B4100E78B69 /* SaleInfo.swift */ = {isa = PBXFileReference; lastKnownFileType = sourcecode.swift; path = SaleInfo.swift; sourceTree = "<group>"; };
		19F1FC9C297C1B5A00E78B69 /* VolumeInfo.swift */ = {isa = PBXFileReference; lastKnownFileType = sourcecode.swift; path = VolumeInfo.swift; sourceTree = "<group>"; };
		19F1FC9E297C1B7400E78B69 /* ImageLink.swift */ = {isa = PBXFileReference; lastKnownFileType = sourcecode.swift; path = ImageLink.swift; sourceTree = "<group>"; };
		19F1FCA1297C2A0700E78B69 /* BookDetailRouter.swift */ = {isa = PBXFileReference; lastKnownFileType = sourcecode.swift; path = BookDetailRouter.swift; sourceTree = "<group>"; };
		19F1FCA2297C2A0700E78B69 /* BookDetailViewController.swift */ = {isa = PBXFileReference; lastKnownFileType = sourcecode.swift; path = BookDetailViewController.swift; sourceTree = "<group>"; };
		19F1FCA3297C2A0700E78B69 /* BookDetailView.swift */ = {isa = PBXFileReference; lastKnownFileType = sourcecode.swift; path = BookDetailView.swift; sourceTree = "<group>"; };
		19F1FCA4297C2A0700E78B69 /* BookDetailViewModel.swift */ = {isa = PBXFileReference; lastKnownFileType = sourcecode.swift; path = BookDetailViewModel.swift; sourceTree = "<group>"; };
		19F1FCAA297C2ACD00E78B69 /* BookItem.swift */ = {isa = PBXFileReference; lastKnownFileType = sourcecode.swift; path = BookItem.swift; sourceTree = "<group>"; };
/* End PBXFileReference section */

/* Begin PBXFrameworksBuildPhase section */
		19015367297AE9A20089E181 /* Frameworks */ = {
			isa = PBXFrameworksBuildPhase;
			buildActionMask = 2147483647;
			files = (
			);
			runOnlyForDeploymentPostprocessing = 0;
		};
		19015370297AE9A20089E181 /* Frameworks */ = {
			isa = PBXFrameworksBuildPhase;
			buildActionMask = 2147483647;
			files = (
				19015374297AE9A20089E181 /* DataModule.framework in Frameworks */,
			);
			runOnlyForDeploymentPostprocessing = 0;
		};
		193B0845297AE2D60055EB14 /* Frameworks */ = {
			isa = PBXFrameworksBuildPhase;
			buildActionMask = 2147483647;
			files = (
				197D9907297C72BC00E7F83A /* LocalDatabase.framework in Frameworks */,
				19B8BB97297B30E80004AF61 /* Common.framework in Frameworks */,
				1901537F297AE9A20089E181 /* DataModule.framework in Frameworks */,
				19B8BBA7297B31130004AF61 /* Components.framework in Frameworks */,
				197D9956297C872B00E7F83A /* BaseUI.framework in Frameworks */,
			);
			runOnlyForDeploymentPostprocessing = 0;
		};
		193B085B297AE2D70055EB14 /* Frameworks */ = {
			isa = PBXFrameworksBuildPhase;
			buildActionMask = 2147483647;
			files = (
			);
			runOnlyForDeploymentPostprocessing = 0;
		};
		193B0865297AE2D70055EB14 /* Frameworks */ = {
			isa = PBXFrameworksBuildPhase;
			buildActionMask = 2147483647;
			files = (
			);
			runOnlyForDeploymentPostprocessing = 0;
		};
		197D98FE297C72BC00E7F83A /* Frameworks */ = {
			isa = PBXFrameworksBuildPhase;
			buildActionMask = 2147483647;
			files = (
				197D9913297C737800E7F83A /* RealmSwift in Frameworks */,
				197D9911297C737800E7F83A /* Realm in Frameworks */,
			);
			runOnlyForDeploymentPostprocessing = 0;
		};
		197D994D297C872B00E7F83A /* Frameworks */ = {
			isa = PBXFrameworksBuildPhase;
			buildActionMask = 2147483647;
			files = (
			);
			runOnlyForDeploymentPostprocessing = 0;
		};
		19B8BB8E297B30E80004AF61 /* Frameworks */ = {
			isa = PBXFrameworksBuildPhase;
			buildActionMask = 2147483647;
			files = (
			);
			runOnlyForDeploymentPostprocessing = 0;
		};
		19B8BB9E297B31130004AF61 /* Frameworks */ = {
			isa = PBXFrameworksBuildPhase;
			buildActionMask = 2147483647;
			files = (
				197D9946297C86AD00E7F83A /* Common.framework in Frameworks */,
			);
			runOnlyForDeploymentPostprocessing = 0;
		};
/* End PBXFrameworksBuildPhase section */

/* Begin PBXGroup section */
		1901536B297AE9A20089E181 /* DataModule */ = {
			isa = PBXGroup;
			children = (
				194C37312996693200F30861 /* Protocols */,
				194C372D299666AB00F30861 /* Adapters */,
				1946AD14297C613C00ED782D /* Mappers */,
				19F1FCA9297C2AB100E78B69 /* UserInterface */,
				19F1FC95297C194500E78B69 /* Modules */,
				19F1FC92297C18E600E78B69 /* API */,
				196EEE41297C0D810066B315 /* BaseAPI */,
				19015388297AE9AF0089E181 /* Util */,
				1901536C297AE9A20089E181 /* DataModule.h */,
				1901536D297AE9A20089E181 /* DataModule.docc */,
			);
			path = DataModule;
			sourceTree = "<group>";
		};
		19015379297AE9A20089E181 /* DataModuleTests */ = {
			isa = PBXGroup;
			children = (
				1901537A297AE9A20089E181 /* DataModuleTests.swift */,
			);
			path = DataModuleTests;
			sourceTree = "<group>";
		};
		19015388297AE9AF0089E181 /* Util */ = {
			isa = PBXGroup;
			children = (
				19015389297AE9C10089E181 /* Combine+CancelBag.swift */,
			);
			path = Util;
			sourceTree = "<group>";
		};
		193B083F297AE2D60055EB14 = {
			isa = PBXGroup;
			children = (
				193B084A297AE2D60055EB14 /* BookStore_Anderson */,
				193B0861297AE2D70055EB14 /* BookStore_AndersonTests */,
				193B086B297AE2D70055EB14 /* BookStore_AndersonUITests */,
				1901536B297AE9A20089E181 /* DataModule */,
				19015379297AE9A20089E181 /* DataModuleTests */,
				19B8BB7C297B307B0004AF61 /* BaseUITests */,
				19B8BB92297B30E80004AF61 /* Common */,
				19B8BBA2297B31130004AF61 /* Components */,
				197D9902297C72BC00E7F83A /* LocalDatabase */,
				197D9951297C872B00E7F83A /* BaseUI */,
				193B0849297AE2D60055EB14 /* Products */,
				197D9945297C86AD00E7F83A /* Frameworks */,
			);
			sourceTree = "<group>";
		};
		193B0849297AE2D60055EB14 /* Products */ = {
			isa = PBXGroup;
			children = (
				193B0848297AE2D60055EB14 /* BookStore_Anderson.app */,
				193B085E297AE2D70055EB14 /* BookStore_AndersonTests.xctest */,
				193B0868297AE2D70055EB14 /* BookStore_AndersonUITests.xctest */,
				1901536A297AE9A20089E181 /* DataModule.framework */,
				19015373297AE9A20089E181 /* DataModuleTests.xctest */,
				19B8BB91297B30E80004AF61 /* Common.framework */,
				19B8BBA1297B31130004AF61 /* Components.framework */,
				197D9901297C72BC00E7F83A /* LocalDatabase.framework */,
				197D9950297C872B00E7F83A /* BaseUI.framework */,
			);
			name = Products;
			sourceTree = "<group>";
		};
		193B084A297AE2D60055EB14 /* BookStore_Anderson */ = {
			isa = PBXGroup;
			children = (
				193B087C297AE3D40055EB14 /* Resources */,
				193B087B297AE3C50055EB14 /* Scenes */,
				193B084B297AE2D60055EB14 /* AppDelegate.swift */,
				193B084D297AE2D60055EB14 /* SceneDelegate.swift */,
			);
			path = BookStore_Anderson;
			sourceTree = "<group>";
		};
		193B0861297AE2D70055EB14 /* BookStore_AndersonTests */ = {
			isa = PBXGroup;
			children = (
				19E56C022A8F9652005F1344 /* Mocks */,
				19E56BFF2A8F9508005F1344 /* ViewModels */,
			);
			path = BookStore_AndersonTests;
			sourceTree = "<group>";
		};
		193B086B297AE2D70055EB14 /* BookStore_AndersonUITests */ = {
			isa = PBXGroup;
			children = (
				193B086C297AE2D70055EB14 /* BookStore_AndersonUITests.swift */,
				193B086E297AE2D70055EB14 /* BookStore_AndersonUITestsLaunchTests.swift */,
			);
			path = BookStore_AndersonUITests;
			sourceTree = "<group>";
		};
		193B087B297AE3C50055EB14 /* Scenes */ = {
			isa = PBXGroup;
			children = (
				19F1FCA0297C295D00E78B69 /* Scenes.BookDetail */,
				193B087E297AE44C0055EB14 /* Scenes.Bookstore */,
			);
			path = Scenes;
			sourceTree = "<group>";
		};
		193B087C297AE3D40055EB14 /* Resources */ = {
			isa = PBXGroup;
			children = (
				193B0854297AE2D70055EB14 /* Assets.xcassets */,
				193B0856297AE2D70055EB14 /* LaunchScreen.storyboard */,
				193B0859297AE2D70055EB14 /* Info.plist */,
				19E56BFD2A8F94D7005F1344 /* bookList.json */,
			);
			path = Resources;
			sourceTree = "<group>";
		};
		193B087E297AE44C0055EB14 /* Scenes.Bookstore */ = {
			isa = PBXGroup;
			children = (
				19B8BB60297B30540004AF61 /* MainRouter.swift */,
				19B8BB61297B30540004AF61 /* MainViewController.swift */,
				19B8BB62297B30540004AF61 /* MainView.swift */,
				19B8BB63297B30540004AF61 /* MainViewModel.swift */,
			);
			path = Scenes.Bookstore;
			sourceTree = "<group>";
		};
		1946AD14297C613C00ED782D /* Mappers */ = {
			isa = PBXGroup;
			children = (
				1946AD15297C61D400ED782D /* BookItem+Mapper.swift */,
			);
			path = Mappers;
			sourceTree = "<group>";
		};
		194C372D299666AB00F30861 /* Adapters */ = {
			isa = PBXGroup;
			children = (
				194C372E299666BA00F30861 /* BookStore */,
			);
			path = Adapters;
			sourceTree = "<group>";
		};
		194C372E299666BA00F30861 /* BookStore */ = {
			isa = PBXGroup;
			children = (
				194C372F299666CC00F30861 /* BookStoreFetch.swift */,
			);
			path = BookStore;
			sourceTree = "<group>";
		};
		194C37312996693200F30861 /* Protocols */ = {
			isa = PBXGroup;
			children = (
				194C37322996695200F30861 /* BookStoreProtocol.swift */,
			);
			path = Protocols;
			sourceTree = "<group>";
		};
		196EEE41297C0D810066B315 /* BaseAPI */ = {
			isa = PBXGroup;
			children = (
				196EEE42297C0D920066B315 /* APICalling.swift */,
				196EEE44297C0DAC0066B315 /* APIRequest.swift */,
				196EEE46297C0DCE0066B315 /* APIStringsDefault.swift */,
			);
			path = BaseAPI;
			sourceTree = "<group>";
		};
		197D9902297C72BC00E7F83A /* LocalDatabase */ = {
			isa = PBXGroup;
			children = (
				197D995D297C88A100E7F83A /* Transforms */,
				197D991C297C776500E7F83A /* Extensions */,
				197D9919297C756900E7F83A /* Repositories */,
				197D9914297C745800E7F83A /* Protocols */,
				197D990C297C72FD00E7F83A /* Models */,
				197D9903297C72BC00E7F83A /* LocalDatabase.h */,
				197D9917297C752700E7F83A /* BaseStorageRepository.swift */,
			);
			path = LocalDatabase;
			sourceTree = "<group>";
		};
		197D990C297C72FD00E7F83A /* Models */ = {
			isa = PBXGroup;
			children = (
				197D990D297C731600E7F83A /* BookFavoriteRLM.swift */,
			);
			path = Models;
			sourceTree = "<group>";
		};
		197D9914297C745800E7F83A /* Protocols */ = {
			isa = PBXGroup;
			children = (
				197D9915297C747900E7F83A /* BookFavoriteRepositoryProtocol.swift */,
			);
			path = Protocols;
			sourceTree = "<group>";
		};
		197D9919297C756900E7F83A /* Repositories */ = {
			isa = PBXGroup;
			children = (
				197D991A297C759F00E7F83A /* BookFavoriteStorageRepository.swift */,
			);
			path = Repositories;
			sourceTree = "<group>";
		};
		197D991C297C776500E7F83A /* Extensions */ = {
			isa = PBXGroup;
			children = (
				197D991D297C777700E7F83A /* Object+Creation.swift */,
			);
			path = Extensions;
			sourceTree = "<group>";
		};
		197D9945297C86AD00E7F83A /* Frameworks */ = {
			isa = PBXGroup;
			children = (
			);
			name = Frameworks;
			sourceTree = "<group>";
		};
		197D9951297C872B00E7F83A /* BaseUI */ = {
			isa = PBXGroup;
			children = (
				197D9952297C872B00E7F83A /* BaseUI.h */,
				197D995B297C873900E7F83A /* typealias.swift */,
			);
			path = BaseUI;
			sourceTree = "<group>";
		};
		197D995D297C88A100E7F83A /* Transforms */ = {
			isa = PBXGroup;
			children = (
				197D995E297C88BD00E7F83A /* Favorite+Transform.swift */,
			);
			path = Transforms;
			sourceTree = "<group>";
		};
		19B8BB7C297B307B0004AF61 /* BaseUITests */ = {
			isa = PBXGroup;
			children = (
				19B8BB7D297B307B0004AF61 /* BaseUITests.swift */,
			);
			path = BaseUITests;
			sourceTree = "<group>";
		};
		19B8BB92297B30E80004AF61 /* Common */ = {
			isa = PBXGroup;
			children = (
				19B8BBB2297B31B90004AF61 /* Extensions */,
				19B8BB93297B30E80004AF61 /* Common.h */,
				19B8BBAE297B31710004AF61 /* ObservableObject+Generic.swift */,
				19B8BBB0297B31910004AF61 /* FontName.swift */,
				19E56BFB2A8F909B005F1344 /* LoadJsonData.swift */,
			);
			path = Common;
			sourceTree = "<group>";
		};
		19B8BBA2297B31130004AF61 /* Components */ = {
			isa = PBXGroup;
			children = (
				19B8BBA3297B31130004AF61 /* Components.h */,
				19B8BBAC297B31360004AF61 /* MyNavigationBarView.swift */,
			);
			path = Components;
			sourceTree = "<group>";
		};
		19B8BBB2297B31B90004AF61 /* Extensions */ = {
			isa = PBXGroup;
			children = (
				19B8BBB3297B31C60004AF61 /* UIScreen+Extensions.swift */,
			);
			path = Extensions;
			sourceTree = "<group>";
		};
		19E56BFF2A8F9508005F1344 /* ViewModels */ = {
			isa = PBXGroup;
			children = (
				19E56C002A8F953E005F1344 /* MainViewModelTests.swift */,
			);
			path = ViewModels;
			sourceTree = "<group>";
		};
		19E56C022A8F9652005F1344 /* Mocks */ = {
			isa = PBXGroup;
			children = (
				19E56C032A8F967F005F1344 /* MockBookStoreFetch.swift */,
			);
			path = Mocks;
			sourceTree = "<group>";
		};
		19F1FC92297C18E600E78B69 /* API */ = {
			isa = PBXGroup;
			children = (
				19F1FC93297C190400E78B69 /* BookstoreDataSource.swift */,
			);
			path = API;
			sourceTree = "<group>";
		};
		19F1FC95297C194500E78B69 /* Modules */ = {
			isa = PBXGroup;
			children = (
				19F1FC96297C195800E78B69 /* Bookstore.swift */,
				19F1FC9E297C1B7400E78B69 /* ImageLink.swift */,
				19F1FC9C297C1B5A00E78B69 /* VolumeInfo.swift */,
				19F1FC98297C1B0500E78B69 /* Book.swift */,
				19F1FC9A297C1B4100E78B69 /* SaleInfo.swift */,
			);
			path = Modules;
			sourceTree = "<group>";
		};
		19F1FCA0297C295D00E78B69 /* Scenes.BookDetail */ = {
			isa = PBXGroup;
			children = (
				19F1FCA1297C2A0700E78B69 /* BookDetailRouter.swift */,
				19F1FCA2297C2A0700E78B69 /* BookDetailViewController.swift */,
				19F1FCA3297C2A0700E78B69 /* BookDetailView.swift */,
				19F1FCA4297C2A0700E78B69 /* BookDetailViewModel.swift */,
			);
			path = Scenes.BookDetail;
			sourceTree = "<group>";
		};
		19F1FCA9297C2AB100E78B69 /* UserInterface */ = {
			isa = PBXGroup;
			children = (
				19F1FCAA297C2ACD00E78B69 /* BookItem.swift */,
			);
			path = UserInterface;
			sourceTree = "<group>";
		};
/* End PBXGroup section */

/* Begin PBXHeadersBuildPhase section */
		19015365297AE9A20089E181 /* Headers */ = {
			isa = PBXHeadersBuildPhase;
			buildActionMask = 2147483647;
			files = (
				1901537C297AE9A20089E181 /* DataModule.h in Headers */,
			);
			runOnlyForDeploymentPostprocessing = 0;
		};
		197D98FC297C72BC00E7F83A /* Headers */ = {
			isa = PBXHeadersBuildPhase;
			buildActionMask = 2147483647;
			files = (
				197D9904297C72BC00E7F83A /* LocalDatabase.h in Headers */,
			);
			runOnlyForDeploymentPostprocessing = 0;
		};
		197D994B297C872B00E7F83A /* Headers */ = {
			isa = PBXHeadersBuildPhase;
			buildActionMask = 2147483647;
			files = (
				197D9953297C872B00E7F83A /* BaseUI.h in Headers */,
			);
			runOnlyForDeploymentPostprocessing = 0;
		};
		19B8BB8C297B30E80004AF61 /* Headers */ = {
			isa = PBXHeadersBuildPhase;
			buildActionMask = 2147483647;
			files = (
				19B8BB94297B30E80004AF61 /* Common.h in Headers */,
			);
			runOnlyForDeploymentPostprocessing = 0;
		};
		19B8BB9C297B31130004AF61 /* Headers */ = {
			isa = PBXHeadersBuildPhase;
			buildActionMask = 2147483647;
			files = (
				19B8BBA4297B31130004AF61 /* Components.h in Headers */,
			);
			runOnlyForDeploymentPostprocessing = 0;
		};
/* End PBXHeadersBuildPhase section */

/* Begin PBXNativeTarget section */
		19015369297AE9A20089E181 /* DataModule */ = {
			isa = PBXNativeTarget;
			buildConfigurationList = 19015381297AE9A20089E181 /* Build configuration list for PBXNativeTarget "DataModule" */;
			buildPhases = (
				19015365297AE9A20089E181 /* Headers */,
				19015366297AE9A20089E181 /* Sources */,
				19015367297AE9A20089E181 /* Frameworks */,
				19015368297AE9A20089E181 /* Resources */,
			);
			buildRules = (
			);
			dependencies = (
			);
			name = DataModule;
			packageProductDependencies = (
			);
			productName = DataModule;
			productReference = 1901536A297AE9A20089E181 /* DataModule.framework */;
			productType = "com.apple.product-type.framework";
		};
		19015372297AE9A20089E181 /* DataModuleTests */ = {
			isa = PBXNativeTarget;
			buildConfigurationList = 19015385297AE9A20089E181 /* Build configuration list for PBXNativeTarget "DataModuleTests" */;
			buildPhases = (
				1901536F297AE9A20089E181 /* Sources */,
				19015370297AE9A20089E181 /* Frameworks */,
				19015371297AE9A20089E181 /* Resources */,
			);
			buildRules = (
			);
			dependencies = (
				19015376297AE9A20089E181 /* PBXTargetDependency */,
				19015378297AE9A20089E181 /* PBXTargetDependency */,
			);
			name = DataModuleTests;
			productName = DataModuleTests;
			productReference = 19015373297AE9A20089E181 /* DataModuleTests.xctest */;
			productType = "com.apple.product-type.bundle.unit-test";
		};
		193B0847297AE2D60055EB14 /* BookStore_Anderson */ = {
			isa = PBXNativeTarget;
			buildConfigurationList = 193B0872297AE2D70055EB14 /* Build configuration list for PBXNativeTarget "BookStore_Anderson" */;
			buildPhases = (
				193B0844297AE2D60055EB14 /* Sources */,
				193B0845297AE2D60055EB14 /* Frameworks */,
				193B0846297AE2D60055EB14 /* Resources */,
				19015384297AE9A20089E181 /* Embed Frameworks */,
			);
			buildRules = (
			);
			dependencies = (
				1901537E297AE9A20089E181 /* PBXTargetDependency */,
				19B8BB96297B30E80004AF61 /* PBXTargetDependency */,
				19B8BBA6297B31130004AF61 /* PBXTargetDependency */,
				197D9906297C72BC00E7F83A /* PBXTargetDependency */,
				197D9955297C872B00E7F83A /* PBXTargetDependency */,
			);
			name = BookStore_Anderson;
			packageProductDependencies = (
			);
			productName = BookStore_Anderson;
			productReference = 193B0848297AE2D60055EB14 /* BookStore_Anderson.app */;
			productType = "com.apple.product-type.application";
		};
		193B085D297AE2D70055EB14 /* BookStore_AndersonTests */ = {
			isa = PBXNativeTarget;
			buildConfigurationList = 193B0875297AE2D70055EB14 /* Build configuration list for PBXNativeTarget "BookStore_AndersonTests" */;
			buildPhases = (
				193B085A297AE2D70055EB14 /* Sources */,
				193B085B297AE2D70055EB14 /* Frameworks */,
				193B085C297AE2D70055EB14 /* Resources */,
			);
			buildRules = (
			);
			dependencies = (
				193B0860297AE2D70055EB14 /* PBXTargetDependency */,
			);
			name = BookStore_AndersonTests;
			productName = BookStore_AndersonTests;
			productReference = 193B085E297AE2D70055EB14 /* BookStore_AndersonTests.xctest */;
			productType = "com.apple.product-type.bundle.unit-test";
		};
		193B0867297AE2D70055EB14 /* BookStore_AndersonUITests */ = {
			isa = PBXNativeTarget;
			buildConfigurationList = 193B0878297AE2D70055EB14 /* Build configuration list for PBXNativeTarget "BookStore_AndersonUITests" */;
			buildPhases = (
				193B0864297AE2D70055EB14 /* Sources */,
				193B0865297AE2D70055EB14 /* Frameworks */,
				193B0866297AE2D70055EB14 /* Resources */,
			);
			buildRules = (
			);
			dependencies = (
				193B086A297AE2D70055EB14 /* PBXTargetDependency */,
			);
			name = BookStore_AndersonUITests;
			productName = BookStore_AndersonUITests;
			productReference = 193B0868297AE2D70055EB14 /* BookStore_AndersonUITests.xctest */;
			productType = "com.apple.product-type.bundle.ui-testing";
		};
		197D9900297C72BC00E7F83A /* LocalDatabase */ = {
			isa = PBXNativeTarget;
			buildConfigurationList = 197D9909297C72BC00E7F83A /* Build configuration list for PBXNativeTarget "LocalDatabase" */;
			buildPhases = (
				197D98FC297C72BC00E7F83A /* Headers */,
				197D98FD297C72BC00E7F83A /* Sources */,
				197D98FE297C72BC00E7F83A /* Frameworks */,
				197D98FF297C72BC00E7F83A /* Resources */,
			);
			buildRules = (
			);
			dependencies = (
			);
			name = LocalDatabase;
			packageProductDependencies = (
				197D9910297C737800E7F83A /* Realm */,
				197D9912297C737800E7F83A /* RealmSwift */,
			);
			productName = LocalDatabase;
			productReference = 197D9901297C72BC00E7F83A /* LocalDatabase.framework */;
			productType = "com.apple.product-type.framework";
		};
		197D994F297C872B00E7F83A /* BaseUI */ = {
			isa = PBXNativeTarget;
			buildConfigurationList = 197D9958297C872B00E7F83A /* Build configuration list for PBXNativeTarget "BaseUI" */;
			buildPhases = (
				197D994B297C872B00E7F83A /* Headers */,
				197D994C297C872B00E7F83A /* Sources */,
				197D994D297C872B00E7F83A /* Frameworks */,
				197D994E297C872B00E7F83A /* Resources */,
			);
			buildRules = (
			);
			dependencies = (
			);
			name = BaseUI;
			productName = BaseUI;
			productReference = 197D9950297C872B00E7F83A /* BaseUI.framework */;
			productType = "com.apple.product-type.framework";
		};
		19B8BB90297B30E80004AF61 /* Common */ = {
			isa = PBXNativeTarget;
			buildConfigurationList = 19B8BB99297B30E80004AF61 /* Build configuration list for PBXNativeTarget "Common" */;
			buildPhases = (
				19B8BB8C297B30E80004AF61 /* Headers */,
				19B8BB8D297B30E80004AF61 /* Sources */,
				19B8BB8E297B30E80004AF61 /* Frameworks */,
				19B8BB8F297B30E80004AF61 /* Resources */,
			);
			buildRules = (
			);
			dependencies = (
			);
			name = Common;
			productName = Common;
			productReference = 19B8BB91297B30E80004AF61 /* Common.framework */;
			productType = "com.apple.product-type.framework";
		};
		19B8BBA0297B31130004AF61 /* Components */ = {
			isa = PBXNativeTarget;
			buildConfigurationList = 19B8BBA9297B31130004AF61 /* Build configuration list for PBXNativeTarget "Components" */;
			buildPhases = (
				19B8BB9C297B31130004AF61 /* Headers */,
				19B8BB9D297B31130004AF61 /* Sources */,
				19B8BB9E297B31130004AF61 /* Frameworks */,
				19B8BB9F297B31130004AF61 /* Resources */,
			);
			buildRules = (
			);
			dependencies = (
				197D9949297C86AD00E7F83A /* PBXTargetDependency */,
			);
			name = Components;
			productName = Components;
			productReference = 19B8BBA1297B31130004AF61 /* Components.framework */;
			productType = "com.apple.product-type.framework";
		};
/* End PBXNativeTarget section */

/* Begin PBXProject section */
		193B0840297AE2D60055EB14 /* Project object */ = {
			isa = PBXProject;
			attributes = {
				BuildIndependentTargetsInParallel = 1;
				LastSwiftUpdateCheck = 1410;
				LastUpgradeCheck = 1410;
				TargetAttributes = {
					19015369297AE9A20089E181 = {
						CreatedOnToolsVersion = 14.1;
					};
					19015372297AE9A20089E181 = {
						CreatedOnToolsVersion = 14.1;
						TestTargetID = 193B0847297AE2D60055EB14;
					};
					193B0847297AE2D60055EB14 = {
						CreatedOnToolsVersion = 14.1;
					};
					193B085D297AE2D70055EB14 = {
						CreatedOnToolsVersion = 14.1;
						TestTargetID = 193B0847297AE2D60055EB14;
					};
					193B0867297AE2D70055EB14 = {
						CreatedOnToolsVersion = 14.1;
						TestTargetID = 193B0847297AE2D60055EB14;
					};
					197D9900297C72BC00E7F83A = {
						CreatedOnToolsVersion = 14.1;
						LastSwiftMigration = 1410;
					};
					197D994F297C872B00E7F83A = {
						CreatedOnToolsVersion = 14.1;
						LastSwiftMigration = 1410;
					};
					19B8BB90297B30E80004AF61 = {
						CreatedOnToolsVersion = 14.1;
						LastSwiftMigration = 1410;
					};
					19B8BBA0297B31130004AF61 = {
						CreatedOnToolsVersion = 14.1;
						LastSwiftMigration = 1410;
					};
				};
			};
			buildConfigurationList = 193B0843297AE2D60055EB14 /* Build configuration list for PBXProject "BookStore_Anderson" */;
			compatibilityVersion = "Xcode 14.0";
			developmentRegion = en;
			hasScannedForEncodings = 0;
			knownRegions = (
				en,
				Base,
			);
			mainGroup = 193B083F297AE2D60055EB14;
			packageReferences = (
				197D990F297C737800E7F83A /* XCRemoteSwiftPackageReference "realm-swift" */,
			);
			productRefGroup = 193B0849297AE2D60055EB14 /* Products */;
			projectDirPath = "";
			projectRoot = "";
			targets = (
				193B0847297AE2D60055EB14 /* BookStore_Anderson */,
				193B085D297AE2D70055EB14 /* BookStore_AndersonTests */,
				193B0867297AE2D70055EB14 /* BookStore_AndersonUITests */,
				19015369297AE9A20089E181 /* DataModule */,
				19015372297AE9A20089E181 /* DataModuleTests */,
				19B8BB90297B30E80004AF61 /* Common */,
				19B8BBA0297B31130004AF61 /* Components */,
				197D9900297C72BC00E7F83A /* LocalDatabase */,
				197D994F297C872B00E7F83A /* BaseUI */,
			);
		};
/* End PBXProject section */

/* Begin PBXResourcesBuildPhase section */
		19015368297AE9A20089E181 /* Resources */ = {
			isa = PBXResourcesBuildPhase;
			buildActionMask = 2147483647;
			files = (
			);
			runOnlyForDeploymentPostprocessing = 0;
		};
		19015371297AE9A20089E181 /* Resources */ = {
			isa = PBXResourcesBuildPhase;
			buildActionMask = 2147483647;
			files = (
			);
			runOnlyForDeploymentPostprocessing = 0;
		};
		193B0846297AE2D60055EB14 /* Resources */ = {
			isa = PBXResourcesBuildPhase;
			buildActionMask = 2147483647;
			files = (
				193B0858297AE2D70055EB14 /* LaunchScreen.storyboard in Resources */,
				193B0855297AE2D70055EB14 /* Assets.xcassets in Resources */,
				19E56BFE2A8F94D7005F1344 /* bookList.json in Resources */,
			);
			runOnlyForDeploymentPostprocessing = 0;
		};
		193B085C297AE2D70055EB14 /* Resources */ = {
			isa = PBXResourcesBuildPhase;
			buildActionMask = 2147483647;
			files = (
			);
			runOnlyForDeploymentPostprocessing = 0;
		};
		193B0866297AE2D70055EB14 /* Resources */ = {
			isa = PBXResourcesBuildPhase;
			buildActionMask = 2147483647;
			files = (
			);
			runOnlyForDeploymentPostprocessing = 0;
		};
		197D98FF297C72BC00E7F83A /* Resources */ = {
			isa = PBXResourcesBuildPhase;
			buildActionMask = 2147483647;
			files = (
			);
			runOnlyForDeploymentPostprocessing = 0;
		};
		197D994E297C872B00E7F83A /* Resources */ = {
			isa = PBXResourcesBuildPhase;
			buildActionMask = 2147483647;
			files = (
			);
			runOnlyForDeploymentPostprocessing = 0;
		};
		19B8BB8F297B30E80004AF61 /* Resources */ = {
			isa = PBXResourcesBuildPhase;
			buildActionMask = 2147483647;
			files = (
			);
			runOnlyForDeploymentPostprocessing = 0;
		};
		19B8BB9F297B31130004AF61 /* Resources */ = {
			isa = PBXResourcesBuildPhase;
			buildActionMask = 2147483647;
			files = (
			);
			runOnlyForDeploymentPostprocessing = 0;
		};
/* End PBXResourcesBuildPhase section */

/* Begin PBXSourcesBuildPhase section */
		19015366297AE9A20089E181 /* Sources */ = {
			isa = PBXSourcesBuildPhase;
			buildActionMask = 2147483647;
			files = (
				19F1FC9B297C1B4100E78B69 /* SaleInfo.swift in Sources */,
				19F1FC99297C1B0500E78B69 /* Book.swift in Sources */,
				19F1FC9F297C1B7400E78B69 /* ImageLink.swift in Sources */,
				1946AD16297C61D400ED782D /* BookItem+Mapper.swift in Sources */,
				194C37332996695200F30861 /* BookStoreProtocol.swift in Sources */,
				196EEE47297C0DCE0066B315 /* APIStringsDefault.swift in Sources */,
				19F1FC9D297C1B5A00E78B69 /* VolumeInfo.swift in Sources */,
				19F1FC94297C190400E78B69 /* BookstoreDataSource.swift in Sources */,
				196EEE43297C0D920066B315 /* APICalling.swift in Sources */,
				19F1FCAB297C2ACD00E78B69 /* BookItem.swift in Sources */,
				194C3730299666CC00F30861 /* BookStoreFetch.swift in Sources */,
				196EEE45297C0DAC0066B315 /* APIRequest.swift in Sources */,
				1901538A297AE9C10089E181 /* Combine+CancelBag.swift in Sources */,
				1901536E297AE9A20089E181 /* DataModule.docc in Sources */,
				19F1FC97297C195800E78B69 /* Bookstore.swift in Sources */,
			);
			runOnlyForDeploymentPostprocessing = 0;
		};
		1901536F297AE9A20089E181 /* Sources */ = {
			isa = PBXSourcesBuildPhase;
			buildActionMask = 2147483647;
			files = (
				1901537B297AE9A20089E181 /* DataModuleTests.swift in Sources */,
			);
			runOnlyForDeploymentPostprocessing = 0;
		};
		193B0844297AE2D60055EB14 /* Sources */ = {
			isa = PBXSourcesBuildPhase;
			buildActionMask = 2147483647;
			files = (
				19B8BB64297B30540004AF61 /* MainRouter.swift in Sources */,
				19F1FCA5297C2A0700E78B69 /* BookDetailRouter.swift in Sources */,
				19B8BB66297B30540004AF61 /* MainView.swift in Sources */,
				193B084C297AE2D60055EB14 /* AppDelegate.swift in Sources */,
				19F1FCA7297C2A0700E78B69 /* BookDetailView.swift in Sources */,
				19B8BB65297B30540004AF61 /* MainViewController.swift in Sources */,
				19F1FCA8297C2A0700E78B69 /* BookDetailViewModel.swift in Sources */,
				193B084E297AE2D60055EB14 /* SceneDelegate.swift in Sources */,
				19F1FCA6297C2A0700E78B69 /* BookDetailViewController.swift in Sources */,
				19B8BB67297B30540004AF61 /* MainViewModel.swift in Sources */,
			);
			runOnlyForDeploymentPostprocessing = 0;
		};
		193B085A297AE2D70055EB14 /* Sources */ = {
			isa = PBXSourcesBuildPhase;
			buildActionMask = 2147483647;
			files = (
				19E56C042A8F967F005F1344 /* MockBookStoreFetch.swift in Sources */,
				19E56C012A8F953E005F1344 /* MainViewModelTests.swift in Sources */,
			);
			runOnlyForDeploymentPostprocessing = 0;
		};
		193B0864297AE2D70055EB14 /* Sources */ = {
			isa = PBXSourcesBuildPhase;
			buildActionMask = 2147483647;
			files = (
				193B086D297AE2D70055EB14 /* BookStore_AndersonUITests.swift in Sources */,
				193B086F297AE2D70055EB14 /* BookStore_AndersonUITestsLaunchTests.swift in Sources */,
			);
			runOnlyForDeploymentPostprocessing = 0;
		};
		197D98FD297C72BC00E7F83A /* Sources */ = {
			isa = PBXSourcesBuildPhase;
			buildActionMask = 2147483647;
			files = (
				197D995F297C88BD00E7F83A /* Favorite+Transform.swift in Sources */,
				197D991E297C777700E7F83A /* Object+Creation.swift in Sources */,
				197D9916297C747900E7F83A /* BookFavoriteRepositoryProtocol.swift in Sources */,
				197D9918297C752700E7F83A /* BaseStorageRepository.swift in Sources */,
				197D991B297C759F00E7F83A /* BookFavoriteStorageRepository.swift in Sources */,
				197D990E297C731600E7F83A /* BookFavoriteRLM.swift in Sources */,
			);
			runOnlyForDeploymentPostprocessing = 0;
		};
		197D994C297C872B00E7F83A /* Sources */ = {
			isa = PBXSourcesBuildPhase;
			buildActionMask = 2147483647;
			files = (
				197D995C297C873900E7F83A /* typealias.swift in Sources */,
			);
			runOnlyForDeploymentPostprocessing = 0;
		};
		19B8BB8D297B30E80004AF61 /* Sources */ = {
			isa = PBXSourcesBuildPhase;
			buildActionMask = 2147483647;
			files = (
				19B8BBAF297B31710004AF61 /* ObservableObject+Generic.swift in Sources */,
				19E56BFC2A8F909B005F1344 /* LoadJsonData.swift in Sources */,
				19B8BBB4297B31C70004AF61 /* UIScreen+Extensions.swift in Sources */,
				19B8BBB1297B31910004AF61 /* FontName.swift in Sources */,
			);
			runOnlyForDeploymentPostprocessing = 0;
		};
		19B8BB9D297B31130004AF61 /* Sources */ = {
			isa = PBXSourcesBuildPhase;
			buildActionMask = 2147483647;
			files = (
				19B8BBAD297B31360004AF61 /* MyNavigationBarView.swift in Sources */,
			);
			runOnlyForDeploymentPostprocessing = 0;
		};
/* End PBXSourcesBuildPhase section */

/* Begin PBXTargetDependency section */
		19015376297AE9A20089E181 /* PBXTargetDependency */ = {
			isa = PBXTargetDependency;
			target = 19015369297AE9A20089E181 /* DataModule */;
			targetProxy = 19015375297AE9A20089E181 /* PBXContainerItemProxy */;
		};
		19015378297AE9A20089E181 /* PBXTargetDependency */ = {
			isa = PBXTargetDependency;
			target = 193B0847297AE2D60055EB14 /* BookStore_Anderson */;
			targetProxy = 19015377297AE9A20089E181 /* PBXContainerItemProxy */;
		};
		1901537E297AE9A20089E181 /* PBXTargetDependency */ = {
			isa = PBXTargetDependency;
			target = 19015369297AE9A20089E181 /* DataModule */;
			targetProxy = 1901537D297AE9A20089E181 /* PBXContainerItemProxy */;
		};
		193B0860297AE2D70055EB14 /* PBXTargetDependency */ = {
			isa = PBXTargetDependency;
			target = 193B0847297AE2D60055EB14 /* BookStore_Anderson */;
			targetProxy = 193B085F297AE2D70055EB14 /* PBXContainerItemProxy */;
		};
		193B086A297AE2D70055EB14 /* PBXTargetDependency */ = {
			isa = PBXTargetDependency;
			target = 193B0847297AE2D60055EB14 /* BookStore_Anderson */;
			targetProxy = 193B0869297AE2D70055EB14 /* PBXContainerItemProxy */;
		};
		197D9906297C72BC00E7F83A /* PBXTargetDependency */ = {
			isa = PBXTargetDependency;
			target = 197D9900297C72BC00E7F83A /* LocalDatabase */;
			targetProxy = 197D9905297C72BC00E7F83A /* PBXContainerItemProxy */;
		};
		197D9949297C86AD00E7F83A /* PBXTargetDependency */ = {
			isa = PBXTargetDependency;
			target = 19B8BB90297B30E80004AF61 /* Common */;
			targetProxy = 197D9948297C86AD00E7F83A /* PBXContainerItemProxy */;
		};
		197D9955297C872B00E7F83A /* PBXTargetDependency */ = {
			isa = PBXTargetDependency;
			target = 197D994F297C872B00E7F83A /* BaseUI */;
			targetProxy = 197D9954297C872B00E7F83A /* PBXContainerItemProxy */;
		};
		19B8BB96297B30E80004AF61 /* PBXTargetDependency */ = {
			isa = PBXTargetDependency;
			target = 19B8BB90297B30E80004AF61 /* Common */;
			targetProxy = 19B8BB95297B30E80004AF61 /* PBXContainerItemProxy */;
		};
		19B8BBA6297B31130004AF61 /* PBXTargetDependency */ = {
			isa = PBXTargetDependency;
			target = 19B8BBA0297B31130004AF61 /* Components */;
			targetProxy = 19B8BBA5297B31130004AF61 /* PBXContainerItemProxy */;
		};
/* End PBXTargetDependency section */

/* Begin PBXVariantGroup section */
		193B0856297AE2D70055EB14 /* LaunchScreen.storyboard */ = {
			isa = PBXVariantGroup;
			children = (
				193B0857297AE2D70055EB14 /* Base */,
			);
			name = LaunchScreen.storyboard;
			sourceTree = "<group>";
		};
/* End PBXVariantGroup section */

/* Begin XCBuildConfiguration section */
		19015382297AE9A20089E181 /* Debug */ = {
			isa = XCBuildConfiguration;
			buildSettings = {
				CODE_SIGN_STYLE = Automatic;
				CURRENT_PROJECT_VERSION = 1;
				DEFINES_MODULE = YES;
				DYLIB_COMPATIBILITY_VERSION = 1;
				DYLIB_CURRENT_VERSION = 1;
				DYLIB_INSTALL_NAME_BASE = "@rpath";
				GENERATE_INFOPLIST_FILE = YES;
				INFOPLIST_KEY_NSHumanReadableCopyright = "";
				INSTALL_PATH = "$(LOCAL_LIBRARY_DIR)/Frameworks";
				IPHONEOS_DEPLOYMENT_TARGET = 16.1;
				LD_RUNPATH_SEARCH_PATHS = (
					"$(inherited)",
					"@executable_path/Frameworks",
					"@loader_path/Frameworks",
				);
				LD_VERIFY_BITCODE = NO;
				MARKETING_VERSION = 1.0;
				PRODUCT_BUNDLE_IDENTIFIER = com.asfcarvalho.DataModule;
				PRODUCT_NAME = "$(TARGET_NAME:c99extidentifier)";
				SKIP_INSTALL = YES;
				SWIFT_EMIT_LOC_STRINGS = YES;
				SWIFT_VERSION = 5.0;
				TARGETED_DEVICE_FAMILY = "1,2";
				VERSIONING_SYSTEM = "apple-generic";
				VERSION_INFO_PREFIX = "";
			};
			name = Debug;
		};
		19015383297AE9A20089E181 /* Release */ = {
			isa = XCBuildConfiguration;
			buildSettings = {
				CODE_SIGN_STYLE = Automatic;
				CURRENT_PROJECT_VERSION = 1;
				DEFINES_MODULE = YES;
				DYLIB_COMPATIBILITY_VERSION = 1;
				DYLIB_CURRENT_VERSION = 1;
				DYLIB_INSTALL_NAME_BASE = "@rpath";
				GENERATE_INFOPLIST_FILE = YES;
				INFOPLIST_KEY_NSHumanReadableCopyright = "";
				INSTALL_PATH = "$(LOCAL_LIBRARY_DIR)/Frameworks";
				IPHONEOS_DEPLOYMENT_TARGET = 16.1;
				LD_RUNPATH_SEARCH_PATHS = (
					"$(inherited)",
					"@executable_path/Frameworks",
					"@loader_path/Frameworks",
				);
				LD_VERIFY_BITCODE = NO;
				MARKETING_VERSION = 1.0;
				PRODUCT_BUNDLE_IDENTIFIER = com.asfcarvalho.DataModule;
				PRODUCT_NAME = "$(TARGET_NAME:c99extidentifier)";
				SKIP_INSTALL = YES;
				SWIFT_EMIT_LOC_STRINGS = YES;
				SWIFT_VERSION = 5.0;
				TARGETED_DEVICE_FAMILY = "1,2";
				VERSIONING_SYSTEM = "apple-generic";
				VERSION_INFO_PREFIX = "";
			};
			name = Release;
		};
		19015386297AE9A20089E181 /* Debug */ = {
			isa = XCBuildConfiguration;
			buildSettings = {
				ALWAYS_EMBED_SWIFT_STANDARD_LIBRARIES = YES;
				CODE_SIGN_STYLE = Automatic;
				CURRENT_PROJECT_VERSION = 1;
				GENERATE_INFOPLIST_FILE = YES;
				IPHONEOS_DEPLOYMENT_TARGET = 16.1;
				MARKETING_VERSION = 1.0;
				PRODUCT_BUNDLE_IDENTIFIER = com.asfcarvalho.DataModuleTests;
				PRODUCT_NAME = "$(TARGET_NAME)";
				SWIFT_EMIT_LOC_STRINGS = NO;
				SWIFT_VERSION = 5.0;
				TARGETED_DEVICE_FAMILY = "1,2";
				TEST_HOST = "$(BUILT_PRODUCTS_DIR)/BookStore_Anderson.app/$(BUNDLE_EXECUTABLE_FOLDER_PATH)/BookStore_Anderson";
			};
			name = Debug;
		};
		19015387297AE9A20089E181 /* Release */ = {
			isa = XCBuildConfiguration;
			buildSettings = {
				ALWAYS_EMBED_SWIFT_STANDARD_LIBRARIES = YES;
				CODE_SIGN_STYLE = Automatic;
				CURRENT_PROJECT_VERSION = 1;
				GENERATE_INFOPLIST_FILE = YES;
				IPHONEOS_DEPLOYMENT_TARGET = 16.1;
				MARKETING_VERSION = 1.0;
				PRODUCT_BUNDLE_IDENTIFIER = com.asfcarvalho.DataModuleTests;
				PRODUCT_NAME = "$(TARGET_NAME)";
				SWIFT_EMIT_LOC_STRINGS = NO;
				SWIFT_VERSION = 5.0;
				TARGETED_DEVICE_FAMILY = "1,2";
				TEST_HOST = "$(BUILT_PRODUCTS_DIR)/BookStore_Anderson.app/$(BUNDLE_EXECUTABLE_FOLDER_PATH)/BookStore_Anderson";
			};
			name = Release;
		};
		193B0870297AE2D70055EB14 /* Debug */ = {
			isa = XCBuildConfiguration;
			buildSettings = {
				ALWAYS_SEARCH_USER_PATHS = NO;
				CLANG_ANALYZER_NONNULL = YES;
				CLANG_ANALYZER_NUMBER_OBJECT_CONVERSION = YES_AGGRESSIVE;
				CLANG_CXX_LANGUAGE_STANDARD = "gnu++20";
				CLANG_ENABLE_MODULES = YES;
				CLANG_ENABLE_OBJC_ARC = YES;
				CLANG_ENABLE_OBJC_WEAK = YES;
				CLANG_WARN_BLOCK_CAPTURE_AUTORELEASING = YES;
				CLANG_WARN_BOOL_CONVERSION = YES;
				CLANG_WARN_COMMA = YES;
				CLANG_WARN_CONSTANT_CONVERSION = YES;
				CLANG_WARN_DEPRECATED_OBJC_IMPLEMENTATIONS = YES;
				CLANG_WARN_DIRECT_OBJC_ISA_USAGE = YES_ERROR;
				CLANG_WARN_DOCUMENTATION_COMMENTS = YES;
				CLANG_WARN_EMPTY_BODY = YES;
				CLANG_WARN_ENUM_CONVERSION = YES;
				CLANG_WARN_INFINITE_RECURSION = YES;
				CLANG_WARN_INT_CONVERSION = YES;
				CLANG_WARN_NON_LITERAL_NULL_CONVERSION = YES;
				CLANG_WARN_OBJC_IMPLICIT_RETAIN_SELF = YES;
				CLANG_WARN_OBJC_LITERAL_CONVERSION = YES;
				CLANG_WARN_OBJC_ROOT_CLASS = YES_ERROR;
				CLANG_WARN_QUOTED_INCLUDE_IN_FRAMEWORK_HEADER = YES;
				CLANG_WARN_RANGE_LOOP_ANALYSIS = YES;
				CLANG_WARN_STRICT_PROTOTYPES = YES;
				CLANG_WARN_SUSPICIOUS_MOVE = YES;
				CLANG_WARN_UNGUARDED_AVAILABILITY = YES_AGGRESSIVE;
				CLANG_WARN_UNREACHABLE_CODE = YES;
				CLANG_WARN__DUPLICATE_METHOD_MATCH = YES;
				COPY_PHASE_STRIP = NO;
				DEBUG_INFORMATION_FORMAT = dwarf;
				ENABLE_STRICT_OBJC_MSGSEND = YES;
				ENABLE_TESTABILITY = YES;
				GCC_C_LANGUAGE_STANDARD = gnu11;
				GCC_DYNAMIC_NO_PIC = NO;
				GCC_NO_COMMON_BLOCKS = YES;
				GCC_OPTIMIZATION_LEVEL = 0;
				GCC_PREPROCESSOR_DEFINITIONS = (
					"DEBUG=1",
					"$(inherited)",
				);
				GCC_WARN_64_TO_32_BIT_CONVERSION = YES;
				GCC_WARN_ABOUT_RETURN_TYPE = YES_ERROR;
				GCC_WARN_UNDECLARED_SELECTOR = YES;
				GCC_WARN_UNINITIALIZED_AUTOS = YES_AGGRESSIVE;
				GCC_WARN_UNUSED_FUNCTION = YES;
				GCC_WARN_UNUSED_VARIABLE = YES;
				IPHONEOS_DEPLOYMENT_TARGET = 16.1;
				MTL_ENABLE_DEBUG_INFO = INCLUDE_SOURCE;
				MTL_FAST_MATH = YES;
				ONLY_ACTIVE_ARCH = YES;
				SDKROOT = iphoneos;
				SWIFT_ACTIVE_COMPILATION_CONDITIONS = DEBUG;
				SWIFT_OPTIMIZATION_LEVEL = "-Onone";
			};
			name = Debug;
		};
		193B0871297AE2D70055EB14 /* Release */ = {
			isa = XCBuildConfiguration;
			buildSettings = {
				ALWAYS_SEARCH_USER_PATHS = NO;
				CLANG_ANALYZER_NONNULL = YES;
				CLANG_ANALYZER_NUMBER_OBJECT_CONVERSION = YES_AGGRESSIVE;
				CLANG_CXX_LANGUAGE_STANDARD = "gnu++20";
				CLANG_ENABLE_MODULES = YES;
				CLANG_ENABLE_OBJC_ARC = YES;
				CLANG_ENABLE_OBJC_WEAK = YES;
				CLANG_WARN_BLOCK_CAPTURE_AUTORELEASING = YES;
				CLANG_WARN_BOOL_CONVERSION = YES;
				CLANG_WARN_COMMA = YES;
				CLANG_WARN_CONSTANT_CONVERSION = YES;
				CLANG_WARN_DEPRECATED_OBJC_IMPLEMENTATIONS = YES;
				CLANG_WARN_DIRECT_OBJC_ISA_USAGE = YES_ERROR;
				CLANG_WARN_DOCUMENTATION_COMMENTS = YES;
				CLANG_WARN_EMPTY_BODY = YES;
				CLANG_WARN_ENUM_CONVERSION = YES;
				CLANG_WARN_INFINITE_RECURSION = YES;
				CLANG_WARN_INT_CONVERSION = YES;
				CLANG_WARN_NON_LITERAL_NULL_CONVERSION = YES;
				CLANG_WARN_OBJC_IMPLICIT_RETAIN_SELF = YES;
				CLANG_WARN_OBJC_LITERAL_CONVERSION = YES;
				CLANG_WARN_OBJC_ROOT_CLASS = YES_ERROR;
				CLANG_WARN_QUOTED_INCLUDE_IN_FRAMEWORK_HEADER = YES;
				CLANG_WARN_RANGE_LOOP_ANALYSIS = YES;
				CLANG_WARN_STRICT_PROTOTYPES = YES;
				CLANG_WARN_SUSPICIOUS_MOVE = YES;
				CLANG_WARN_UNGUARDED_AVAILABILITY = YES_AGGRESSIVE;
				CLANG_WARN_UNREACHABLE_CODE = YES;
				CLANG_WARN__DUPLICATE_METHOD_MATCH = YES;
				COPY_PHASE_STRIP = NO;
				DEBUG_INFORMATION_FORMAT = "dwarf-with-dsym";
				ENABLE_NS_ASSERTIONS = NO;
				ENABLE_STRICT_OBJC_MSGSEND = YES;
				GCC_C_LANGUAGE_STANDARD = gnu11;
				GCC_NO_COMMON_BLOCKS = YES;
				GCC_WARN_64_TO_32_BIT_CONVERSION = YES;
				GCC_WARN_ABOUT_RETURN_TYPE = YES_ERROR;
				GCC_WARN_UNDECLARED_SELECTOR = YES;
				GCC_WARN_UNINITIALIZED_AUTOS = YES_AGGRESSIVE;
				GCC_WARN_UNUSED_FUNCTION = YES;
				GCC_WARN_UNUSED_VARIABLE = YES;
				IPHONEOS_DEPLOYMENT_TARGET = 16.1;
				MTL_ENABLE_DEBUG_INFO = NO;
				MTL_FAST_MATH = YES;
				SDKROOT = iphoneos;
				SWIFT_COMPILATION_MODE = wholemodule;
				SWIFT_OPTIMIZATION_LEVEL = "-O";
				VALIDATE_PRODUCT = YES;
			};
			name = Release;
		};
		193B0873297AE2D70055EB14 /* Debug */ = {
			isa = XCBuildConfiguration;
			buildSettings = {
				ALWAYS_EMBED_SWIFT_STANDARD_LIBRARIES = YES;
				ASSETCATALOG_COMPILER_APPICON_NAME = AppIcon;
				ASSETCATALOG_COMPILER_GLOBAL_ACCENT_COLOR_NAME = AccentColor;
				CODE_SIGN_STYLE = Automatic;
				CURRENT_PROJECT_VERSION = 1;
				GENERATE_INFOPLIST_FILE = YES;
				INFOPLIST_FILE = BookStore_Anderson/Resources/Info.plist;
				INFOPLIST_KEY_UIApplicationSupportsIndirectInputEvents = YES;
				INFOPLIST_KEY_UILaunchStoryboardName = LaunchScreen;
				INFOPLIST_KEY_UISupportedInterfaceOrientations = UIInterfaceOrientationPortrait;
				INFOPLIST_KEY_UISupportedInterfaceOrientations_iPad = "UIInterfaceOrientationPortrait UIInterfaceOrientationPortraitUpsideDown";
				IPHONEOS_DEPLOYMENT_TARGET = 16.1;
				LD_RUNPATH_SEARCH_PATHS = (
					"$(inherited)",
					"@executable_path/Frameworks",
				);
				LD_VERIFY_BITCODE = NO;
				MARKETING_VERSION = 1.0;
				PRODUCT_BUNDLE_IDENTIFIER = "com.asfcarvalho.BookStore-Anderson";
				PRODUCT_NAME = "$(TARGET_NAME)";
				SWIFT_EMIT_LOC_STRINGS = YES;
				SWIFT_VERSION = 5.0;
				TARGETED_DEVICE_FAMILY = "1,2";
			};
			name = Debug;
		};
		193B0874297AE2D70055EB14 /* Release */ = {
			isa = XCBuildConfiguration;
			buildSettings = {
				ALWAYS_EMBED_SWIFT_STANDARD_LIBRARIES = YES;
				ASSETCATALOG_COMPILER_APPICON_NAME = AppIcon;
				ASSETCATALOG_COMPILER_GLOBAL_ACCENT_COLOR_NAME = AccentColor;
				CODE_SIGN_STYLE = Automatic;
				CURRENT_PROJECT_VERSION = 1;
				GENERATE_INFOPLIST_FILE = YES;
				INFOPLIST_FILE = BookStore_Anderson/Resources/Info.plist;
				INFOPLIST_KEY_UIApplicationSupportsIndirectInputEvents = YES;
				INFOPLIST_KEY_UILaunchStoryboardName = LaunchScreen;
				INFOPLIST_KEY_UISupportedInterfaceOrientations = UIInterfaceOrientationPortrait;
				INFOPLIST_KEY_UISupportedInterfaceOrientations_iPad = "UIInterfaceOrientationPortrait UIInterfaceOrientationPortraitUpsideDown";
				IPHONEOS_DEPLOYMENT_TARGET = 16.1;
				LD_RUNPATH_SEARCH_PATHS = (
					"$(inherited)",
					"@executable_path/Frameworks",
				);
				LD_VERIFY_BITCODE = NO;
				MARKETING_VERSION = 1.0;
				PRODUCT_BUNDLE_IDENTIFIER = "com.asfcarvalho.BookStore-Anderson";
				PRODUCT_NAME = "$(TARGET_NAME)";
				SWIFT_EMIT_LOC_STRINGS = YES;
				SWIFT_VERSION = 5.0;
				TARGETED_DEVICE_FAMILY = "1,2";
			};
			name = Release;
		};
		193B0876297AE2D70055EB14 /* Debug */ = {
			isa = XCBuildConfiguration;
			buildSettings = {
				ALWAYS_EMBED_SWIFT_STANDARD_LIBRARIES = YES;
				BUNDLE_LOADER = "$(TEST_HOST)";
				CODE_SIGN_STYLE = Automatic;
				CURRENT_PROJECT_VERSION = 1;
				GENERATE_INFOPLIST_FILE = YES;
				IPHONEOS_DEPLOYMENT_TARGET = 16.1;
				MARKETING_VERSION = 1.0;
				PRODUCT_BUNDLE_IDENTIFIER = "com.asfcarvalho.BookStore-AndersonTests";
				PRODUCT_NAME = "$(TARGET_NAME)";
				SWIFT_EMIT_LOC_STRINGS = NO;
				SWIFT_VERSION = 5.0;
				TARGETED_DEVICE_FAMILY = "1,2";
				TEST_HOST = "$(BUILT_PRODUCTS_DIR)/BookStore_Anderson.app/$(BUNDLE_EXECUTABLE_FOLDER_PATH)/BookStore_Anderson";
			};
			name = Debug;
		};
		193B0877297AE2D70055EB14 /* Release */ = {
			isa = XCBuildConfiguration;
			buildSettings = {
				ALWAYS_EMBED_SWIFT_STANDARD_LIBRARIES = YES;
				BUNDLE_LOADER = "$(TEST_HOST)";
				CODE_SIGN_STYLE = Automatic;
				CURRENT_PROJECT_VERSION = 1;
				GENERATE_INFOPLIST_FILE = YES;
				IPHONEOS_DEPLOYMENT_TARGET = 16.1;
				MARKETING_VERSION = 1.0;
				PRODUCT_BUNDLE_IDENTIFIER = "com.asfcarvalho.BookStore-AndersonTests";
				PRODUCT_NAME = "$(TARGET_NAME)";
				SWIFT_EMIT_LOC_STRINGS = NO;
				SWIFT_VERSION = 5.0;
				TARGETED_DEVICE_FAMILY = "1,2";
				TEST_HOST = "$(BUILT_PRODUCTS_DIR)/BookStore_Anderson.app/$(BUNDLE_EXECUTABLE_FOLDER_PATH)/BookStore_Anderson";
			};
			name = Release;
		};
		193B0879297AE2D70055EB14 /* Debug */ = {
			isa = XCBuildConfiguration;
			buildSettings = {
				ALWAYS_EMBED_SWIFT_STANDARD_LIBRARIES = YES;
				CODE_SIGN_STYLE = Automatic;
				CURRENT_PROJECT_VERSION = 1;
				GENERATE_INFOPLIST_FILE = YES;
				IPHONEOS_DEPLOYMENT_TARGET = 16.1;
				MARKETING_VERSION = 1.0;
				PRODUCT_BUNDLE_IDENTIFIER = "com.asfcarvalho.BookStore-AndersonUITests";
				PRODUCT_NAME = "$(TARGET_NAME)";
				SWIFT_EMIT_LOC_STRINGS = NO;
				SWIFT_VERSION = 5.0;
				TARGETED_DEVICE_FAMILY = "1,2";
				TEST_TARGET_NAME = BookStore_Anderson;
			};
			name = Debug;
		};
		193B087A297AE2D70055EB14 /* Release */ = {
			isa = XCBuildConfiguration;
			buildSettings = {
				ALWAYS_EMBED_SWIFT_STANDARD_LIBRARIES = YES;
				CODE_SIGN_STYLE = Automatic;
				CURRENT_PROJECT_VERSION = 1;
				GENERATE_INFOPLIST_FILE = YES;
				IPHONEOS_DEPLOYMENT_TARGET = 16.1;
				MARKETING_VERSION = 1.0;
				PRODUCT_BUNDLE_IDENTIFIER = "com.asfcarvalho.BookStore-AndersonUITests";
				PRODUCT_NAME = "$(TARGET_NAME)";
				SWIFT_EMIT_LOC_STRINGS = NO;
				SWIFT_VERSION = 5.0;
				TARGETED_DEVICE_FAMILY = "1,2";
				TEST_TARGET_NAME = BookStore_Anderson;
			};
			name = Release;
		};
		197D990A297C72BC00E7F83A /* Debug */ = {
			isa = XCBuildConfiguration;
			buildSettings = {
				CLANG_ENABLE_MODULES = YES;
				CODE_SIGN_STYLE = Automatic;
				CURRENT_PROJECT_VERSION = 1;
				DEFINES_MODULE = YES;
				DYLIB_COMPATIBILITY_VERSION = 1;
				DYLIB_CURRENT_VERSION = 1;
				DYLIB_INSTALL_NAME_BASE = "@rpath";
				GENERATE_INFOPLIST_FILE = YES;
				INFOPLIST_KEY_NSHumanReadableCopyright = "";
				INSTALL_PATH = "$(LOCAL_LIBRARY_DIR)/Frameworks";
				IPHONEOS_DEPLOYMENT_TARGET = 16.1;
				LD_RUNPATH_SEARCH_PATHS = (
					"$(inherited)",
					"@executable_path/Frameworks",
					"@loader_path/Frameworks",
				);
				MARKETING_VERSION = 1.0;
				PRODUCT_BUNDLE_IDENTIFIER = com.asfcarvalho.LocalDatabase;
				PRODUCT_NAME = "$(TARGET_NAME:c99extidentifier)";
				SKIP_INSTALL = YES;
				SWIFT_EMIT_LOC_STRINGS = YES;
				SWIFT_OPTIMIZATION_LEVEL = "-Onone";
				SWIFT_VERSION = 5.0;
				TARGETED_DEVICE_FAMILY = "1,2";
				VERSIONING_SYSTEM = "apple-generic";
				VERSION_INFO_PREFIX = "";
			};
			name = Debug;
		};
		197D990B297C72BC00E7F83A /* Release */ = {
			isa = XCBuildConfiguration;
			buildSettings = {
				CLANG_ENABLE_MODULES = YES;
				CODE_SIGN_STYLE = Automatic;
				CURRENT_PROJECT_VERSION = 1;
				DEFINES_MODULE = YES;
				DYLIB_COMPATIBILITY_VERSION = 1;
				DYLIB_CURRENT_VERSION = 1;
				DYLIB_INSTALL_NAME_BASE = "@rpath";
				GENERATE_INFOPLIST_FILE = YES;
				INFOPLIST_KEY_NSHumanReadableCopyright = "";
				INSTALL_PATH = "$(LOCAL_LIBRARY_DIR)/Frameworks";
				IPHONEOS_DEPLOYMENT_TARGET = 16.1;
				LD_RUNPATH_SEARCH_PATHS = (
					"$(inherited)",
					"@executable_path/Frameworks",
					"@loader_path/Frameworks",
				);
				MARKETING_VERSION = 1.0;
				PRODUCT_BUNDLE_IDENTIFIER = com.asfcarvalho.LocalDatabase;
				PRODUCT_NAME = "$(TARGET_NAME:c99extidentifier)";
				SKIP_INSTALL = YES;
				SWIFT_EMIT_LOC_STRINGS = YES;
				SWIFT_VERSION = 5.0;
				TARGETED_DEVICE_FAMILY = "1,2";
				VERSIONING_SYSTEM = "apple-generic";
				VERSION_INFO_PREFIX = "";
			};
			name = Release;
		};
		197D9959297C872B00E7F83A /* Debug */ = {
			isa = XCBuildConfiguration;
			buildSettings = {
				CLANG_ENABLE_MODULES = YES;
				CODE_SIGN_STYLE = Automatic;
				CURRENT_PROJECT_VERSION = 1;
				DEFINES_MODULE = YES;
				DYLIB_COMPATIBILITY_VERSION = 1;
				DYLIB_CURRENT_VERSION = 1;
				DYLIB_INSTALL_NAME_BASE = "@rpath";
				GENERATE_INFOPLIST_FILE = YES;
				INFOPLIST_KEY_NSHumanReadableCopyright = "";
				INSTALL_PATH = "$(LOCAL_LIBRARY_DIR)/Frameworks";
				LD_RUNPATH_SEARCH_PATHS = (
					"$(inherited)",
					"@executable_path/Frameworks",
					"@loader_path/Frameworks",
				);
				MARKETING_VERSION = 1.0;
				PRODUCT_BUNDLE_IDENTIFIER = com.asfcarvalho.BaseUI;
				PRODUCT_NAME = "$(TARGET_NAME:c99extidentifier)";
				SKIP_INSTALL = YES;
				SWIFT_EMIT_LOC_STRINGS = YES;
				SWIFT_OPTIMIZATION_LEVEL = "-Onone";
				SWIFT_VERSION = 5.0;
				TARGETED_DEVICE_FAMILY = "1,2";
				VERSIONING_SYSTEM = "apple-generic";
				VERSION_INFO_PREFIX = "";
			};
			name = Debug;
		};
		197D995A297C872B00E7F83A /* Release */ = {
			isa = XCBuildConfiguration;
			buildSettings = {
				CLANG_ENABLE_MODULES = YES;
				CODE_SIGN_STYLE = Automatic;
				CURRENT_PROJECT_VERSION = 1;
				DEFINES_MODULE = YES;
				DYLIB_COMPATIBILITY_VERSION = 1;
				DYLIB_CURRENT_VERSION = 1;
				DYLIB_INSTALL_NAME_BASE = "@rpath";
				GENERATE_INFOPLIST_FILE = YES;
				INFOPLIST_KEY_NSHumanReadableCopyright = "";
				INSTALL_PATH = "$(LOCAL_LIBRARY_DIR)/Frameworks";
				LD_RUNPATH_SEARCH_PATHS = (
					"$(inherited)",
					"@executable_path/Frameworks",
					"@loader_path/Frameworks",
				);
				MARKETING_VERSION = 1.0;
				PRODUCT_BUNDLE_IDENTIFIER = com.asfcarvalho.BaseUI;
				PRODUCT_NAME = "$(TARGET_NAME:c99extidentifier)";
				SKIP_INSTALL = YES;
				SWIFT_EMIT_LOC_STRINGS = YES;
				SWIFT_VERSION = 5.0;
				TARGETED_DEVICE_FAMILY = "1,2";
				VERSIONING_SYSTEM = "apple-generic";
				VERSION_INFO_PREFIX = "";
			};
			name = Release;
		};
		19B8BB9A297B30E80004AF61 /* Debug */ = {
			isa = XCBuildConfiguration;
			buildSettings = {
				CLANG_ENABLE_MODULES = YES;
				CODE_SIGN_STYLE = Automatic;
				CURRENT_PROJECT_VERSION = 1;
				DEFINES_MODULE = YES;
				DYLIB_COMPATIBILITY_VERSION = 1;
				DYLIB_CURRENT_VERSION = 1;
				DYLIB_INSTALL_NAME_BASE = "@rpath";
				GENERATE_INFOPLIST_FILE = YES;
				INFOPLIST_KEY_NSHumanReadableCopyright = "";
				INSTALL_PATH = "$(LOCAL_LIBRARY_DIR)/Frameworks";
				IPHONEOS_DEPLOYMENT_TARGET = 16.1;
				LD_RUNPATH_SEARCH_PATHS = (
					"$(inherited)",
					"@executable_path/Frameworks",
					"@loader_path/Frameworks",
				);
				MARKETING_VERSION = 1.0;
				PRODUCT_BUNDLE_IDENTIFIER = com.asfcarvalho.Common;
				PRODUCT_NAME = "$(TARGET_NAME:c99extidentifier)";
				SKIP_INSTALL = YES;
				SWIFT_EMIT_LOC_STRINGS = YES;
				SWIFT_OPTIMIZATION_LEVEL = "-Onone";
				SWIFT_VERSION = 5.0;
				TARGETED_DEVICE_FAMILY = "1,2";
				VERSIONING_SYSTEM = "apple-generic";
				VERSION_INFO_PREFIX = "";
			};
			name = Debug;
		};
		19B8BB9B297B30E80004AF61 /* Release */ = {
			isa = XCBuildConfiguration;
			buildSettings = {
				CLANG_ENABLE_MODULES = YES;
				CODE_SIGN_STYLE = Automatic;
				CURRENT_PROJECT_VERSION = 1;
				DEFINES_MODULE = YES;
				DYLIB_COMPATIBILITY_VERSION = 1;
				DYLIB_CURRENT_VERSION = 1;
				DYLIB_INSTALL_NAME_BASE = "@rpath";
				GENERATE_INFOPLIST_FILE = YES;
				INFOPLIST_KEY_NSHumanReadableCopyright = "";
				INSTALL_PATH = "$(LOCAL_LIBRARY_DIR)/Frameworks";
				IPHONEOS_DEPLOYMENT_TARGET = 16.1;
				LD_RUNPATH_SEARCH_PATHS = (
					"$(inherited)",
					"@executable_path/Frameworks",
					"@loader_path/Frameworks",
				);
				MARKETING_VERSION = 1.0;
				PRODUCT_BUNDLE_IDENTIFIER = com.asfcarvalho.Common;
				PRODUCT_NAME = "$(TARGET_NAME:c99extidentifier)";
				SKIP_INSTALL = YES;
				SWIFT_EMIT_LOC_STRINGS = YES;
				SWIFT_VERSION = 5.0;
				TARGETED_DEVICE_FAMILY = "1,2";
				VERSIONING_SYSTEM = "apple-generic";
				VERSION_INFO_PREFIX = "";
			};
			name = Release;
		};
		19B8BBAA297B31130004AF61 /* Debug */ = {
			isa = XCBuildConfiguration;
			buildSettings = {
				CLANG_ENABLE_MODULES = YES;
				CODE_SIGN_STYLE = Automatic;
				CURRENT_PROJECT_VERSION = 1;
				DEFINES_MODULE = YES;
				DYLIB_COMPATIBILITY_VERSION = 1;
				DYLIB_CURRENT_VERSION = 1;
				DYLIB_INSTALL_NAME_BASE = "@rpath";
				GENERATE_INFOPLIST_FILE = YES;
				INFOPLIST_KEY_NSHumanReadableCopyright = "";
				INSTALL_PATH = "$(LOCAL_LIBRARY_DIR)/Frameworks";
				IPHONEOS_DEPLOYMENT_TARGET = 16.1;
				LD_RUNPATH_SEARCH_PATHS = (
					"$(inherited)",
					"@executable_path/Frameworks",
					"@loader_path/Frameworks",
				);
				LD_VERIFY_BITCODE = NO;
				MARKETING_VERSION = 1.0;
				PRODUCT_BUNDLE_IDENTIFIER = com.asfcarvalho.Components;
				PRODUCT_NAME = "$(TARGET_NAME:c99extidentifier)";
				SKIP_INSTALL = YES;
				SWIFT_EMIT_LOC_STRINGS = YES;
				SWIFT_OPTIMIZATION_LEVEL = "-Onone";
				SWIFT_VERSION = 5.0;
				TARGETED_DEVICE_FAMILY = "1,2";
				VERSIONING_SYSTEM = "apple-generic";
				VERSION_INFO_PREFIX = "";
			};
			name = Debug;
		};
		19B8BBAB297B31130004AF61 /* Release */ = {
			isa = XCBuildConfiguration;
			buildSettings = {
				CLANG_ENABLE_MODULES = YES;
				CODE_SIGN_STYLE = Automatic;
				CURRENT_PROJECT_VERSION = 1;
				DEFINES_MODULE = YES;
				DYLIB_COMPATIBILITY_VERSION = 1;
				DYLIB_CURRENT_VERSION = 1;
				DYLIB_INSTALL_NAME_BASE = "@rpath";
				GENERATE_INFOPLIST_FILE = YES;
				INFOPLIST_KEY_NSHumanReadableCopyright = "";
				INSTALL_PATH = "$(LOCAL_LIBRARY_DIR)/Frameworks";
				IPHONEOS_DEPLOYMENT_TARGET = 16.1;
				LD_RUNPATH_SEARCH_PATHS = (
					"$(inherited)",
					"@executable_path/Frameworks",
					"@loader_path/Frameworks",
				);
				LD_VERIFY_BITCODE = NO;
				MARKETING_VERSION = 1.0;
				PRODUCT_BUNDLE_IDENTIFIER = com.asfcarvalho.Components;
				PRODUCT_NAME = "$(TARGET_NAME:c99extidentifier)";
				SKIP_INSTALL = YES;
				SWIFT_EMIT_LOC_STRINGS = YES;
				SWIFT_VERSION = 5.0;
				TARGETED_DEVICE_FAMILY = "1,2";
				VERSIONING_SYSTEM = "apple-generic";
				VERSION_INFO_PREFIX = "";
			};
			name = Release;
		};
/* End XCBuildConfiguration section */

/* Begin XCConfigurationList section */
		19015381297AE9A20089E181 /* Build configuration list for PBXNativeTarget "DataModule" */ = {
			isa = XCConfigurationList;
			buildConfigurations = (
				19015382297AE9A20089E181 /* Debug */,
				19015383297AE9A20089E181 /* Release */,
			);
			defaultConfigurationIsVisible = 0;
			defaultConfigurationName = Release;
		};
		19015385297AE9A20089E181 /* Build configuration list for PBXNativeTarget "DataModuleTests" */ = {
			isa = XCConfigurationList;
			buildConfigurations = (
				19015386297AE9A20089E181 /* Debug */,
				19015387297AE9A20089E181 /* Release */,
			);
			defaultConfigurationIsVisible = 0;
			defaultConfigurationName = Release;
		};
		193B0843297AE2D60055EB14 /* Build configuration list for PBXProject "BookStore_Anderson" */ = {
			isa = XCConfigurationList;
			buildConfigurations = (
				193B0870297AE2D70055EB14 /* Debug */,
				193B0871297AE2D70055EB14 /* Release */,
			);
			defaultConfigurationIsVisible = 0;
			defaultConfigurationName = Release;
		};
		193B0872297AE2D70055EB14 /* Build configuration list for PBXNativeTarget "BookStore_Anderson" */ = {
			isa = XCConfigurationList;
			buildConfigurations = (
				193B0873297AE2D70055EB14 /* Debug */,
				193B0874297AE2D70055EB14 /* Release */,
			);
			defaultConfigurationIsVisible = 0;
			defaultConfigurationName = Release;
		};
		193B0875297AE2D70055EB14 /* Build configuration list for PBXNativeTarget "BookStore_AndersonTests" */ = {
			isa = XCConfigurationList;
			buildConfigurations = (
				193B0876297AE2D70055EB14 /* Debug */,
				193B0877297AE2D70055EB14 /* Release */,
			);
			defaultConfigurationIsVisible = 0;
			defaultConfigurationName = Release;
		};
		193B0878297AE2D70055EB14 /* Build configuration list for PBXNativeTarget "BookStore_AndersonUITests" */ = {
			isa = XCConfigurationList;
			buildConfigurations = (
				193B0879297AE2D70055EB14 /* Debug */,
				193B087A297AE2D70055EB14 /* Release */,
			);
			defaultConfigurationIsVisible = 0;
			defaultConfigurationName = Release;
		};
		197D9909297C72BC00E7F83A /* Build configuration list for PBXNativeTarget "LocalDatabase" */ = {
			isa = XCConfigurationList;
			buildConfigurations = (
				197D990A297C72BC00E7F83A /* Debug */,
				197D990B297C72BC00E7F83A /* Release */,
			);
			defaultConfigurationIsVisible = 0;
			defaultConfigurationName = Release;
		};
		197D9958297C872B00E7F83A /* Build configuration list for PBXNativeTarget "BaseUI" */ = {
			isa = XCConfigurationList;
			buildConfigurations = (
				197D9959297C872B00E7F83A /* Debug */,
				197D995A297C872B00E7F83A /* Release */,
			);
			defaultConfigurationIsVisible = 0;
			defaultConfigurationName = Release;
		};
		19B8BB99297B30E80004AF61 /* Build configuration list for PBXNativeTarget "Common" */ = {
			isa = XCConfigurationList;
			buildConfigurations = (
				19B8BB9A297B30E80004AF61 /* Debug */,
				19B8BB9B297B30E80004AF61 /* Release */,
			);
			defaultConfigurationIsVisible = 0;
			defaultConfigurationName = Release;
		};
		19B8BBA9297B31130004AF61 /* Build configuration list for PBXNativeTarget "Components" */ = {
			isa = XCConfigurationList;
			buildConfigurations = (
				19B8BBAA297B31130004AF61 /* Debug */,
				19B8BBAB297B31130004AF61 /* Release */,
			);
			defaultConfigurationIsVisible = 0;
			defaultConfigurationName = Release;
		};
/* End XCConfigurationList section */

/* Begin XCRemoteSwiftPackageReference section */
		197D990F297C737800E7F83A /* XCRemoteSwiftPackageReference "realm-swift" */ = {
			isa = XCRemoteSwiftPackageReference;
			repositoryURL = "https://github.com/realm/realm-swift.git";
			requirement = {
				kind = upToNextMajorVersion;
				minimumVersion = 10.34.1;
			};
		};
/* End XCRemoteSwiftPackageReference section */

/* Begin XCSwiftPackageProductDependency section */
		197D9910297C737800E7F83A /* Realm */ = {
			isa = XCSwiftPackageProductDependency;
			package = 197D990F297C737800E7F83A /* XCRemoteSwiftPackageReference "realm-swift" */;
			productName = Realm;
		};
		197D9912297C737800E7F83A /* RealmSwift */ = {
			isa = XCSwiftPackageProductDependency;
			package = 197D990F297C737800E7F83A /* XCRemoteSwiftPackageReference "realm-swift" */;
			productName = RealmSwift;
		};
/* End XCSwiftPackageProductDependency section */
	};
	rootObject = 193B0840297AE2D60055EB14 /* Project object */;
}
